[[package]]
name = "altgraph"
version = "0.17.2"
description = "Python graph (network) package"
category = "dev"
optional = false
python-versions = "*"

[[package]]
name = "certifi"
version = "2022.6.15"
description = "Python package for providing Mozilla's CA Bundle."
category = "main"
optional = false
python-versions = ">=3.6"

[[package]]
name = "charset-normalizer"
version = "2.1.1"
description = "The Real First Universal Charset Detector. Open, modern and actively maintained alternative to Chardet."
category = "main"
optional = false
python-versions = ">=3.6.0"

[package.extras]
unicode-backport = ["unicodedata2"]

[[package]]
name = "click"
version = "8.1.3"
description = "Composable command line interface toolkit"
category = "main"
optional = false
python-versions = ">=3.7"

[package.dependencies]
colorama = {version = "*", markers = "platform_system == \"Windows\""}

[[package]]
name = "colorama"
version = "0.4.5"
description = "Cross-platform colored terminal text."
category = "main"
optional = false
python-versions = ">=2.7, !=3.0.*, !=3.1.*, !=3.2.*, !=3.3.*, !=3.4.*"

[[package]]
name = "future"
version = "0.18.2"
description = "Clean single-source support for Python 3 and 2"
category = "dev"
optional = false
python-versions = ">=2.6, !=3.0.*, !=3.1.*, !=3.2.*"

[[package]]
name = "idna"
version = "3.3"
description = "Internationalized Domain Names in Applications (IDNA)"
category = "main"
optional = false
python-versions = ">=3.5"

[[package]]
name = "json5"
version = "0.9.10"
description = "A Python implementation of the JSON5 data format."
category = "main"
optional = false
python-versions = "*"

[package.extras]
dev = ["hypothesis"]

[[package]]
name = "loguru"
version = "0.6.0"
description = "Python logging made (stupidly) simple"
category = "main"
optional = false
python-versions = ">=3.5"

[package.dependencies]
colorama = {version = ">=0.3.4", markers = "sys_platform == \"win32\""}
win32-setctime = {version = ">=1.0.0", markers = "sys_platform == \"win32\""}

[package.extras]
dev = ["Sphinx (>=4.1.1)", "black (>=19.10b0)", "colorama (>=0.3.4)", "docutils (==0.16)", "flake8 (>=3.7.7)", "isort (>=5.1.1)", "pytest (>=4.6.2)", "pytest-cov (>=2.7.1)", "sphinx-autobuild (>=0.7.1)", "sphinx-rtd-theme (>=0.4.3)", "tox (>=3.9.0)"]

[[package]]
name = "lxml"
version = "4.9.1"
description = "Powerful and Pythonic XML processing library combining libxml2/libxslt with the ElementTree API."
category = "main"
optional = false
python-versions = ">=2.7, !=3.0.*, !=3.1.*, !=3.2.*, !=3.3.*, != 3.4.*"

[package.extras]
cssselect = ["cssselect (>=0.7)"]
html5 = ["html5lib"]
htmlsoup = ["BeautifulSoup4"]
source = ["Cython (>=0.29.7)"]

[[package]]
name = "macholib"
version = "1.16"
description = "Mach-O header analysis and editing"
category = "dev"
optional = false
python-versions = "*"

[package.dependencies]
altgraph = ">=0.15"

[[package]]
name = "pefile"
version = "2022.5.30"
description = "Python PE parsing module"
category = "dev"
optional = false
python-versions = ">=3.6.0"

[package.dependencies]
future = "*"

[[package]]
name = "polib"
version = "1.1.1"
description = "A library to manipulate gettext files (po and mo files)."
category = "main"
optional = false
python-versions = "*"

[[package]]
name = "pyinstaller"
version = "5.5"
description = "PyInstaller bundles a Python application and all its dependencies into a single package."
category = "dev"
optional = false
python-versions = "<3.12,>=3.7"

[package.dependencies]
altgraph = "*"
macholib = {version = ">=1.8", markers = "sys_platform == \"darwin\""}
pefile = {version = ">=2022.5.30", markers = "sys_platform == \"win32\""}
pyinstaller-hooks-contrib = ">=2021.4"
pywin32-ctypes = {version = ">=0.2.0", markers = "sys_platform == \"win32\""}
setuptools = "*"

[package.extras]
encryption = ["tinyaes (>=1.0.0)"]
hook-testing = ["execnet (>=1.5.0)", "psutil", "pytest (>=2.7.3)"]

[[package]]
name = "pyinstaller-hooks-contrib"
version = "2022.10"
description = "Community maintained hooks for PyInstaller"
category = "dev"
optional = false
python-versions = ">=3.7"

[[package]]
name = "pywin32-ctypes"
version = "0.2.0"
description = ""
category = "dev"
optional = false
python-versions = "*"

[[package]]
name = "rapidfuzz"
version = "2.13.3"
description = "rapid fuzzy string matching"
category = "main"
optional = false
python-versions = ">=3.7"

[package.extras]
full = ["numpy"]

[[package]]
name = "requests"
version = "2.28.1"
description = "Python HTTP for Humans."
category = "main"
optional = false
python-versions = ">=3.7, <4"

[package.dependencies]
certifi = ">=2017.4.17"
charset-normalizer = ">=2,<3"
idna = ">=2.5,<4"
urllib3 = ">=1.21.1,<1.27"

[package.extras]
socks = ["PySocks (>=1.5.6,!=1.5.7)"]
use-chardet-on-py3 = ["chardet (>=3.0.2,<6)"]

[[package]]
name = "setuptools"
version = "65.3.0"
description = "Easily download, build, install, upgrade, and uninstall Python packages"
category = "dev"
optional = false
python-versions = ">=3.7"

[package.extras]
docs = ["furo", "jaraco.packaging (>=9)", "jaraco.tidelift (>=1.4)", "pygments-github-lexers (==0.0.5)", "rst.linker (>=1.9)", "sphinx", "sphinx-favicon", "sphinx-hoverxref (<2)", "sphinx-inline-tabs", "sphinx-notfound-page (==0.8.3)", "sphinx-reredirects", "sphinxcontrib-towncrier"]
testing = ["build[virtualenv]", "filelock (>=3.4.0)", "flake8 (<5)", "flake8-2020", "ini2toml[lite] (>=0.9)", "jaraco.envs (>=2.2)", "jaraco.path (>=3.2.0)", "mock", "pip (>=19.1)", "pip-run (>=8.8)", "pytest (>=6)", "pytest-black (>=0.3.7)", "pytest-checkdocs (>=2.4)", "pytest-cov", "pytest-enabler (>=1.3)", "pytest-flake8", "pytest-mypy (>=0.9.1)", "pytest-perf", "pytest-xdist", "tomli-w (>=1.0.0)", "virtualenv (>=13.0.0)", "wheel"]
testing-integration = ["build[virtualenv]", "filelock (>=3.4.0)", "jaraco.envs (>=2.2)", "jaraco.path (>=3.2.0)", "pytest", "pytest-enabler", "pytest-xdist", "tomli", "virtualenv (>=13.0.0)", "wheel"]

[[package]]
name = "snakeviz"
version = "2.1.1"
description = "A web-based viewer for Python profiler output"
category = "dev"
optional = false
python-versions = "*"

[package.dependencies]
tornado = ">=2.0"

[[package]]
name = "tornado"
version = "6.2"
description = "Tornado is a Python web framework and asynchronous networking library, originally developed at FriendFeed."
category = "dev"
optional = false
python-versions = ">= 3.7"

[[package]]
name = "urllib3"
version = "1.26.12"
description = "HTTP library with thread-safe connection pooling, file post, and more."
category = "main"
optional = false
python-versions = ">=2.7, !=3.0.*, !=3.1.*, !=3.2.*, !=3.3.*, !=3.4.*, !=3.5.*, <4"

[package.extras]
brotli = ["brotli (>=1.0.9)", "brotlicffi (>=0.8.0)", "brotlipy (>=0.6.0)"]
secure = ["certifi", "cryptography (>=1.3.4)", "idna (>=2.0.0)", "ipaddress", "pyOpenSSL (>=0.14)", "urllib3-secure-extra"]
socks = ["PySocks (>=1.5.6,!=1.5.7,<2.0)"]

[[package]]
name = "win32-setctime"
version = "1.1.0"
description = "A small Python utility to set file creation time on Windows"
category = "main"
optional = false
python-versions = ">=3.5"

[package.extras]
dev = ["black (>=19.3b0)", "pytest (>=4.6.2)"]

[metadata]
lock-version = "1.1"
python-versions = ">=3.10,<3.11"
content-hash = "9c97df1777a26038109fee588f59912d57a00e272b2a62b8ad4833422c6714b2"

[metadata.files]
altgraph = [
    {file = "altgraph-0.17.2-py2.py3-none-any.whl", hash = "sha256:743628f2ac6a7c26f5d9223c91ed8ecbba535f506f4b6f558885a8a56a105857"},
    {file = "altgraph-0.17.2.tar.gz", hash = "sha256:ebf2269361b47d97b3b88e696439f6e4cbc607c17c51feb1754f90fb79839158"},
]
certifi = [
    {file = "certifi-2022.6.15-py3-none-any.whl", hash = "sha256:fe86415d55e84719d75f8b69414f6438ac3547d2078ab91b67e779ef69378412"},
    {file = "certifi-2022.6.15.tar.gz", hash = "sha256:84c85a9078b11105f04f3036a9482ae10e4621616db313fe045dd24743a0820d"},
]
charset-normalizer = [
    {file = "charset-normalizer-2.1.1.tar.gz", hash = "sha256:5a3d016c7c547f69d6f81fb0db9449ce888b418b5b9952cc5e6e66843e9dd845"},
    {file = "charset_normalizer-2.1.1-py3-none-any.whl", hash = "sha256:83e9a75d1911279afd89352c68b45348559d1fc0506b054b346651b5e7fee29f"},
]
click = [
    {file = "click-8.1.3-py3-none-any.whl", hash = "sha256:bb4d8133cb15a609f44e8213d9b391b0809795062913b383c62be0ee95b1db48"},
    {file = "click-8.1.3.tar.gz", hash = "sha256:7682dc8afb30297001674575ea00d1814d808d6a36af415a82bd481d37ba7b8e"},
]
colorama = [
    {file = "colorama-0.4.5-py2.py3-none-any.whl", hash = "sha256:854bf444933e37f5824ae7bfc1e98d5bce2ebe4160d46b5edf346a89358e99da"},
    {file = "colorama-0.4.5.tar.gz", hash = "sha256:e6c6b4334fc50988a639d9b98aa429a0b57da6e17b9a44f0451f930b6967b7a4"},
]
future = [
    {file = "future-0.18.2.tar.gz", hash = "sha256:b1bead90b70cf6ec3f0710ae53a525360fa360d306a86583adc6bf83a4db537d"},
]
idna = [
    {file = "idna-3.3-py3-none-any.whl", hash = "sha256:84d9dd047ffa80596e0f246e2eab0b391788b0503584e8945f2368256d2735ff"},
    {file = "idna-3.3.tar.gz", hash = "sha256:9d643ff0a55b762d5cdb124b8eaa99c66322e2157b69160bc32796e824360e6d"},
]
json5 = [
    {file = "json5-0.9.10-py2.py3-none-any.whl", hash = "sha256:993189671e7412e9cdd8be8dc61cf402e8e579b35f1d1bb20ae6b09baa78bbce"},
    {file = "json5-0.9.10.tar.gz", hash = "sha256:ad9f048c5b5a4c3802524474ce40a622fae789860a86f10cc4f7e5f9cf9b46ab"},
]
loguru = [
    {file = "loguru-0.6.0-py3-none-any.whl", hash = "sha256:4e2414d534a2ab57573365b3e6d0234dfb1d84b68b7f3b948e6fb743860a77c3"},
    {file = "loguru-0.6.0.tar.gz", hash = "sha256:066bd06758d0a513e9836fd9c6b5a75bfb3fd36841f4b996bc60b547a309d41c"},
]
lxml = [
    {file = "lxml-4.9.1-cp27-cp27m-macosx_10_15_x86_64.whl", hash = "sha256:98cafc618614d72b02185ac583c6f7796202062c41d2eeecdf07820bad3295ed"},
    {file = "lxml-4.9.1-cp27-cp27m-manylinux_2_5_i686.manylinux1_i686.whl", hash = "sha256:c62e8dd9754b7debda0c5ba59d34509c4688f853588d75b53c3791983faa96fc"},
    {file = "lxml-4.9.1-cp27-cp27m-manylinux_2_5_x86_64.manylinux1_x86_64.whl", hash = "sha256:21fb3d24ab430fc538a96e9fbb9b150029914805d551deeac7d7822f64631dfc"},
    {file = "lxml-4.9.1-cp27-cp27m-win32.whl", hash = "sha256:86e92728ef3fc842c50a5cb1d5ba2bc66db7da08a7af53fb3da79e202d1b2cd3"},
    {file = "lxml-4.9.1-cp27-cp27m-win_amd64.whl", hash = "sha256:4cfbe42c686f33944e12f45a27d25a492cc0e43e1dc1da5d6a87cbcaf2e95627"},
    {file = "lxml-4.9.1-cp27-cp27mu-manylinux_2_5_i686.manylinux1_i686.whl", hash = "sha256:dad7b164905d3e534883281c050180afcf1e230c3d4a54e8038aa5cfcf312b84"},
    {file = "lxml-4.9.1-cp27-cp27mu-manylinux_2_5_x86_64.manylinux1_x86_64.whl", hash = "sha256:a614e4afed58c14254e67862456d212c4dcceebab2eaa44d627c2ca04bf86837"},
    {file = "lxml-4.9.1-cp310-cp310-manylinux_2_12_i686.manylinux2010_i686.manylinux_2_24_i686.whl", hash = "sha256:f9ced82717c7ec65a67667bb05865ffe38af0e835cdd78728f1209c8fffe0cad"},
    {file = "lxml-4.9.1-cp310-cp310-manylinux_2_17_aarch64.manylinux2014_aarch64.manylinux_2_24_aarch64.whl", hash = "sha256:d9fc0bf3ff86c17348dfc5d322f627d78273eba545db865c3cd14b3f19e57fa5"},
    {file = "lxml-4.9.1-cp310-cp310-manylinux_2_17_x86_64.manylinux2014_x86_64.manylinux_2_24_x86_64.whl", hash = "sha256:e5f66bdf0976ec667fc4594d2812a00b07ed14d1b44259d19a41ae3fff99f2b8"},
    {file = "lxml-4.9.1-cp310-cp310-musllinux_1_1_aarch64.whl", hash = "sha256:fe17d10b97fdf58155f858606bddb4e037b805a60ae023c009f760d8361a4eb8"},
    {file = "lxml-4.9.1-cp310-cp310-musllinux_1_1_x86_64.whl", hash = "sha256:8caf4d16b31961e964c62194ea3e26a0e9561cdf72eecb1781458b67ec83423d"},
    {file = "lxml-4.9.1-cp310-cp310-win32.whl", hash = "sha256:4780677767dd52b99f0af1f123bc2c22873d30b474aa0e2fc3fe5e02217687c7"},
    {file = "lxml-4.9.1-cp310-cp310-win_amd64.whl", hash = "sha256:b122a188cd292c4d2fcd78d04f863b789ef43aa129b233d7c9004de08693728b"},
    {file = "lxml-4.9.1-cp311-cp311-manylinux_2_12_i686.manylinux2010_i686.manylinux_2_24_i686.whl", hash = "sha256:be9eb06489bc975c38706902cbc6888f39e946b81383abc2838d186f0e8b6a9d"},
    {file = "lxml-4.9.1-cp311-cp311-manylinux_2_17_x86_64.manylinux2014_x86_64.manylinux_2_24_x86_64.whl", hash = "sha256:f1be258c4d3dc609e654a1dc59d37b17d7fef05df912c01fc2e15eb43a9735f3"},
    {file = "lxml-4.9.1-cp311-cp311-musllinux_1_1_x86_64.whl", hash = "sha256:927a9dd016d6033bc12e0bf5dee1dde140235fc8d0d51099353c76081c03dc29"},
    {file = "lxml-4.9.1-cp35-cp35m-manylinux_2_5_i686.manylinux1_i686.whl", hash = "sha256:9232b09f5efee6a495a99ae6824881940d6447debe272ea400c02e3b68aad85d"},
    {file = "lxml-4.9.1-cp35-cp35m-manylinux_2_5_x86_64.manylinux1_x86_64.whl", hash = "sha256:04da965dfebb5dac2619cb90fcf93efdb35b3c6994fea58a157a834f2f94b318"},
    {file = "lxml-4.9.1-cp35-cp35m-win32.whl", hash = "sha256:4d5bae0a37af799207140652a700f21a85946f107a199bcb06720b13a4f1f0b7"},
    {file = "lxml-4.9.1-cp35-cp35m-win_amd64.whl", hash = "sha256:4878e667ebabe9b65e785ac8da4d48886fe81193a84bbe49f12acff8f7a383a4"},
    {file = "lxml-4.9.1-cp36-cp36m-macosx_10_15_x86_64.whl", hash = "sha256:1355755b62c28950f9ce123c7a41460ed9743c699905cbe664a5bcc5c9c7c7fb"},
    {file = "lxml-4.9.1-cp36-cp36m-manylinux_2_12_i686.manylinux2010_i686.manylinux_2_24_i686.whl", hash = "sha256:bcaa1c495ce623966d9fc8a187da80082334236a2a1c7e141763ffaf7a405067"},
    {file = "lxml-4.9.1-cp36-cp36m-manylinux_2_17_aarch64.manylinux2014_aarch64.whl", hash = "sha256:6eafc048ea3f1b3c136c71a86db393be36b5b3d9c87b1c25204e7d397cee9536"},
    {file = "lxml-4.9.1-cp36-cp36m-manylinux_2_17_x86_64.manylinux2014_x86_64.manylinux_2_24_x86_64.whl", hash = "sha256:13c90064b224e10c14dcdf8086688d3f0e612db53766e7478d7754703295c7c8"},
    {file = "lxml-4.9.1-cp36-cp36m-manylinux_2_5_i686.manylinux1_i686.whl", hash = "sha256:206a51077773c6c5d2ce1991327cda719063a47adc02bd703c56a662cdb6c58b"},
    {file = "lxml-4.9.1-cp36-cp36m-manylinux_2_5_x86_64.manylinux1_x86_64.whl", hash = "sha256:e8f0c9d65da595cfe91713bc1222af9ecabd37971762cb830dea2fc3b3bb2acf"},
    {file = "lxml-4.9.1-cp36-cp36m-musllinux_1_1_aarch64.whl", hash = "sha256:8f0a4d179c9a941eb80c3a63cdb495e539e064f8054230844dcf2fcb812b71d3"},
    {file = "lxml-4.9.1-cp36-cp36m-musllinux_1_1_x86_64.whl", hash = "sha256:830c88747dce8a3e7525defa68afd742b4580df6aa2fdd6f0855481e3994d391"},
    {file = "lxml-4.9.1-cp36-cp36m-win32.whl", hash = "sha256:1e1cf47774373777936c5aabad489fef7b1c087dcd1f426b621fda9dcc12994e"},
    {file = "lxml-4.9.1-cp36-cp36m-win_amd64.whl", hash = "sha256:5974895115737a74a00b321e339b9c3f45c20275d226398ae79ac008d908bff7"},
    {file = "lxml-4.9.1-cp37-cp37m-macosx_10_15_x86_64.whl", hash = "sha256:1423631e3d51008871299525b541413c9b6c6423593e89f9c4cfbe8460afc0a2"},
    {file = "lxml-4.9.1-cp37-cp37m-manylinux_2_12_i686.manylinux2010_i686.manylinux_2_24_i686.whl", hash = "sha256:2aaf6a0a6465d39b5ca69688fce82d20088c1838534982996ec46633dc7ad6cc"},
    {file = "lxml-4.9.1-cp37-cp37m-manylinux_2_17_aarch64.manylinux2014_aarch64.manylinux_2_24_aarch64.whl", hash = "sha256:9f36de4cd0c262dd9927886cc2305aa3f2210db437aa4fed3fb4940b8bf4592c"},
    {file = "lxml-4.9.1-cp37-cp37m-manylinux_2_17_x86_64.manylinux2014_x86_64.manylinux_2_24_x86_64.whl", hash = "sha256:ae06c1e4bc60ee076292e582a7512f304abdf6c70db59b56745cca1684f875a4"},
    {file = "lxml-4.9.1-cp37-cp37m-manylinux_2_5_i686.manylinux1_i686.whl", hash = "sha256:57e4d637258703d14171b54203fd6822fda218c6c2658a7d30816b10995f29f3"},
    {file = "lxml-4.9.1-cp37-cp37m-manylinux_2_5_x86_64.manylinux1_x86_64.whl", hash = "sha256:6d279033bf614953c3fc4a0aa9ac33a21e8044ca72d4fa8b9273fe75359d5cca"},
    {file = "lxml-4.9.1-cp37-cp37m-musllinux_1_1_aarch64.whl", hash = "sha256:a60f90bba4c37962cbf210f0188ecca87daafdf60271f4c6948606e4dabf8785"},
    {file = "lxml-4.9.1-cp37-cp37m-musllinux_1_1_x86_64.whl", hash = "sha256:6ca2264f341dd81e41f3fffecec6e446aa2121e0b8d026fb5130e02de1402785"},
    {file = "lxml-4.9.1-cp37-cp37m-win32.whl", hash = "sha256:27e590352c76156f50f538dbcebd1925317a0f70540f7dc8c97d2931c595783a"},
    {file = "lxml-4.9.1-cp37-cp37m-win_amd64.whl", hash = "sha256:eea5d6443b093e1545ad0210e6cf27f920482bfcf5c77cdc8596aec73523bb7e"},
    {file = "lxml-4.9.1-cp38-cp38-macosx_10_15_x86_64.whl", hash = "sha256:f05251bbc2145349b8d0b77c0d4e5f3b228418807b1ee27cefb11f69ed3d233b"},
    {file = "lxml-4.9.1-cp38-cp38-manylinux_2_12_i686.manylinux2010_i686.manylinux_2_24_i686.whl", hash = "sha256:487c8e61d7acc50b8be82bda8c8d21d20e133c3cbf41bd8ad7eb1aaeb3f07c97"},
    {file = "lxml-4.9.1-cp38-cp38-manylinux_2_17_aarch64.manylinux2014_aarch64.manylinux_2_24_aarch64.whl", hash = "sha256:8d1a92d8e90b286d491e5626af53afef2ba04da33e82e30744795c71880eaa21"},
    {file = "lxml-4.9.1-cp38-cp38-manylinux_2_17_x86_64.manylinux2014_x86_64.manylinux_2_24_x86_64.whl", hash = "sha256:b570da8cd0012f4af9fa76a5635cd31f707473e65a5a335b186069d5c7121ff2"},
    {file = "lxml-4.9.1-cp38-cp38-manylinux_2_5_i686.manylinux1_i686.whl", hash = "sha256:5ef87fca280fb15342726bd5f980f6faf8b84a5287fcc2d4962ea8af88b35130"},
    {file = "lxml-4.9.1-cp38-cp38-manylinux_2_5_x86_64.manylinux1_x86_64.whl", hash = "sha256:93e414e3206779ef41e5ff2448067213febf260ba747fc65389a3ddaa3fb8715"},
    {file = "lxml-4.9.1-cp38-cp38-musllinux_1_1_aarch64.whl", hash = "sha256:6653071f4f9bac46fbc30f3c7838b0e9063ee335908c5d61fb7a4a86c8fd2036"},
    {file = "lxml-4.9.1-cp38-cp38-musllinux_1_1_x86_64.whl", hash = "sha256:32a73c53783becdb7eaf75a2a1525ea8e49379fb7248c3eeefb9412123536387"},
    {file = "lxml-4.9.1-cp38-cp38-win32.whl", hash = "sha256:1a7c59c6ffd6ef5db362b798f350e24ab2cfa5700d53ac6681918f314a4d3b94"},
    {file = "lxml-4.9.1-cp38-cp38-win_amd64.whl", hash = "sha256:1436cf0063bba7888e43f1ba8d58824f085410ea2025befe81150aceb123e345"},
    {file = "lxml-4.9.1-cp39-cp39-macosx_10_15_x86_64.whl", hash = "sha256:4beea0f31491bc086991b97517b9683e5cfb369205dac0148ef685ac12a20a67"},
    {file = "lxml-4.9.1-cp39-cp39-manylinux_2_12_i686.manylinux2010_i686.manylinux_2_24_i686.whl", hash = "sha256:41fb58868b816c202e8881fd0f179a4644ce6e7cbbb248ef0283a34b73ec73bb"},
    {file = "lxml-4.9.1-cp39-cp39-manylinux_2_17_aarch64.manylinux2014_aarch64.manylinux_2_24_aarch64.whl", hash = "sha256:bd34f6d1810d9354dc7e35158aa6cc33456be7706df4420819af6ed966e85448"},
    {file = "lxml-4.9.1-cp39-cp39-manylinux_2_17_x86_64.manylinux2014_x86_64.manylinux_2_24_x86_64.whl", hash = "sha256:edffbe3c510d8f4bf8640e02ca019e48a9b72357318383ca60e3330c23aaffc7"},
    {file = "lxml-4.9.1-cp39-cp39-manylinux_2_5_i686.manylinux1_i686.whl", hash = "sha256:6d949f53ad4fc7cf02c44d6678e7ff05ec5f5552b235b9e136bd52e9bf730b91"},
    {file = "lxml-4.9.1-cp39-cp39-manylinux_2_5_x86_64.manylinux1_x86_64.whl", hash = "sha256:079b68f197c796e42aa80b1f739f058dcee796dc725cc9a1be0cdb08fc45b000"},
    {file = "lxml-4.9.1-cp39-cp39-musllinux_1_1_aarch64.whl", hash = "sha256:9c3a88d20e4fe4a2a4a84bf439a5ac9c9aba400b85244c63a1ab7088f85d9d25"},
    {file = "lxml-4.9.1-cp39-cp39-musllinux_1_1_x86_64.whl", hash = "sha256:4e285b5f2bf321fc0857b491b5028c5f276ec0c873b985d58d7748ece1d770dd"},
    {file = "lxml-4.9.1-cp39-cp39-win32.whl", hash = "sha256:ef72013e20dd5ba86a8ae1aed7f56f31d3374189aa8b433e7b12ad182c0d2dfb"},
    {file = "lxml-4.9.1-cp39-cp39-win_amd64.whl", hash = "sha256:10d2017f9150248563bb579cd0d07c61c58da85c922b780060dcc9a3aa9f432d"},
    {file = "lxml-4.9.1-pp37-pypy37_pp73-macosx_10_15_x86_64.whl", hash = "sha256:0538747a9d7827ce3e16a8fdd201a99e661c7dee3c96c885d8ecba3c35d1032c"},
    {file = "lxml-4.9.1-pp37-pypy37_pp73-manylinux_2_12_i686.manylinux2010_i686.manylinux_2_24_i686.whl", hash = "sha256:0645e934e940107e2fdbe7c5b6fb8ec6232444260752598bc4d09511bd056c0b"},
    {file = "lxml-4.9.1-pp37-pypy37_pp73-manylinux_2_17_x86_64.manylinux2014_x86_64.manylinux_2_24_x86_64.whl", hash = "sha256:6daa662aba22ef3258934105be2dd9afa5bb45748f4f702a3b39a5bf53a1f4dc"},
    {file = "lxml-4.9.1-pp38-pypy38_pp73-macosx_10_15_x86_64.whl", hash = "sha256:603a464c2e67d8a546ddaa206d98e3246e5db05594b97db844c2f0a1af37cf5b"},
    {file = "lxml-4.9.1-pp38-pypy38_pp73-manylinux_2_12_i686.manylinux2010_i686.manylinux_2_24_i686.whl", hash = "sha256:c4b2e0559b68455c085fb0f6178e9752c4be3bba104d6e881eb5573b399d1eb2"},
    {file = "lxml-4.9.1-pp38-pypy38_pp73-manylinux_2_17_x86_64.manylinux2014_x86_64.manylinux_2_24_x86_64.whl", hash = "sha256:0f3f0059891d3254c7b5fb935330d6db38d6519ecd238ca4fce93c234b4a0f73"},
    {file = "lxml-4.9.1-pp39-pypy39_pp73-manylinux_2_12_i686.manylinux2010_i686.manylinux_2_24_i686.whl", hash = "sha256:c852b1530083a620cb0de5f3cd6826f19862bafeaf77586f1aef326e49d95f0c"},
    {file = "lxml-4.9.1-pp39-pypy39_pp73-manylinux_2_17_x86_64.manylinux2014_x86_64.manylinux_2_24_x86_64.whl", hash = "sha256:287605bede6bd36e930577c5925fcea17cb30453d96a7b4c63c14a257118dbb9"},
    {file = "lxml-4.9.1.tar.gz", hash = "sha256:fe749b052bb7233fe5d072fcb549221a8cb1a16725c47c37e42b0b9cb3ff2c3f"},
]
macholib = [
    {file = "macholib-1.16-py2.py3-none-any.whl", hash = "sha256:5a0742b587e6e57bfade1ab90651d4877185bf66fd4a176a488116de36878229"},
    {file = "macholib-1.16.tar.gz", hash = "sha256:001bf281279b986a66d7821790d734e61150d52f40c080899df8fefae056e9f7"},
]
pefile = [
    {file = "pefile-2022.5.30.tar.gz", hash = "sha256:a5488a3dd1fd021ce33f969780b88fe0f7eebb76eb20996d7318f307612a045b"},
]
polib = [
    {file = "polib-1.1.1-py2.py3-none-any.whl", hash = "sha256:d3ee85e0c6788f789353416b1612c6c92d75fe6ccfac0029711974d6abd0f86d"},
    {file = "polib-1.1.1.tar.gz", hash = "sha256:e02c355ae5e054912e3b0d16febc56510eff7e49d60bf22aecb463bd2f2a2dfa"},
]
pyinstaller = [
    {file = "pyinstaller-5.5-py3-none-macosx_10_13_universal2.whl", hash = "sha256:838e0a385355e55833f2ac62e75290f345d0b57bad53f08742c28a7cb96e91c8"},
    {file = "pyinstaller-5.5-py3-none-manylinux2014_aarch64.whl", hash = "sha256:2a2fc8755b00cc1ea4d89bb81f8ada8c2afe0d13a7f7b35020e8a694d6882c9e"},
    {file = "pyinstaller-5.5-py3-none-manylinux2014_i686.whl", hash = "sha256:94e947980c7d9b7e422f4af9885f12560cb546ee2017fb0f2c8af5a9a309c63f"},
    {file = "pyinstaller-5.5-py3-none-manylinux2014_ppc64le.whl", hash = "sha256:5f8834af70a6e080ab4fe53ec2b8b4fdfcc0106bd8db7cc27da9a8973ecffe05"},
    {file = "pyinstaller-5.5-py3-none-manylinux2014_s390x.whl", hash = "sha256:47a63d42ceb73355bf3afec51109ee3f5b3893f068be821a6735cada229ab680"},
    {file = "pyinstaller-5.5-py3-none-manylinux2014_x86_64.whl", hash = "sha256:91c0947063f49b21476e374662f62b00d0cf5a97ad6851c12124280409aebbd1"},
    {file = "pyinstaller-5.5-py3-none-musllinux_1_1_aarch64.whl", hash = "sha256:9e8950c599847d15e7d7b8c18073fab267d7d3d41650a64c46278b97655076d3"},
    {file = "pyinstaller-5.5-py3-none-musllinux_1_1_x86_64.whl", hash = "sha256:d902a9b669f90665a3abe5d0f176784fc3f2e1320d6c98df0bd1457c77ca706a"},
    {file = "pyinstaller-5.5-py3-none-win32.whl", hash = "sha256:c7326298be50adcdf799e9b3f880543b925be7341cb1ac2a1e5b1a47b9dc3183"},
    {file = "pyinstaller-5.5-py3-none-win_amd64.whl", hash = "sha256:d06378354b8d3d08309fddb230c813fc750848d71156274c15afdfedd56f57cf"},
    {file = "pyinstaller-5.5.tar.gz", hash = "sha256:88993dfc6429dce8dd1f9a73c08e259af71dd3a227d3002ccb8e959151757dc3"},
]
pyinstaller-hooks-contrib = [
    {file = "pyinstaller-hooks-contrib-2022.10.tar.gz", hash = "sha256:e5edd4094175e78c178ef987b61be19efff6caa23d266ade456fc753e847f62e"},
    {file = "pyinstaller_hooks_contrib-2022.10-py2.py3-none-any.whl", hash = "sha256:d1dd6ea059dc30e77813cc12a5efa8b1d228e7da8f5b884fe11775f946db1784"},
]
pywin32-ctypes = [
    {file = "pywin32-ctypes-0.2.0.tar.gz", hash = "sha256:24ffc3b341d457d48e8922352130cf2644024a4ff09762a2261fd34c36ee5942"},
    {file = "pywin32_ctypes-0.2.0-py2.py3-none-any.whl", hash = "sha256:9dc2d991b3479cc2df15930958b674a48a227d5361d413827a4cfd0b5876fc98"},
]
rapidfuzz = [
    {file = "rapidfuzz-2.13.3-cp310-cp310-macosx_10_9_universal2.whl", hash = "sha256:ebdd360f7e9cc30ddbd54f094e1255c981ade8af3ce0a51bf56857eef047e90f"},
    {file = "rapidfuzz-2.13.3-cp310-cp310-macosx_10_9_x86_64.whl", hash = "sha256:3044abd371698aeba51e1e149baa8228293991d1b56a1bec3f676960a9f2d019"},
    {file = "rapidfuzz-2.13.3-cp310-cp310-macosx_11_0_arm64.whl", hash = "sha256:f32a4541667003cfa4d2abfdb19579231653d73bf97d50af298b17be1541dd08"},
    {file = "rapidfuzz-2.13.3-cp310-cp310-manylinux_2_17_aarch64.manylinux2014_aarch64.whl", hash = "sha256:5376126ff87379f4b63226106ca49d7f13a09749e1f016ad24a4549032c06b9a"},
    {file = "rapidfuzz-2.13.3-cp310-cp310-manylinux_2_17_i686.manylinux2014_i686.whl", hash = "sha256:79f621648bc4e2a51217feabdbde9202206f100381008d2730f37313420ca76c"},
    {file = "rapidfuzz-2.13.3-cp310-cp310-manylinux_2_17_ppc64le.manylinux2014_ppc64le.whl", hash = "sha256:063cd9e81b0b49374186aa357e3ac196ac7a26f006590724eb1f1034b40cd6de"},
    {file = "rapidfuzz-2.13.3-cp310-cp310-manylinux_2_17_s390x.manylinux2014_s390x.whl", hash = "sha256:d2db790ba8317fea823221089260687ef382758a32564b8b12c3e6c54be292c8"},
    {file = "rapidfuzz-2.13.3-cp310-cp310-manylinux_2_17_x86_64.manylinux2014_x86_64.whl", hash = "sha256:d211283a01927baa336c326de02d4642c5cfc90a5f031311304a76481f48a6a0"},
    {file = "rapidfuzz-2.13.3-cp310-cp310-musllinux_1_1_aarch64.whl", hash = "sha256:936f23e2b9cebbcd39c0760bc9d7d974aa94cd7cbd8e8581b2aaafd4582fd05a"},
    {file = "rapidfuzz-2.13.3-cp310-cp310-musllinux_1_1_i686.whl", hash = "sha256:bef9072fa8308a5721b63c169abe074fa46e4f1f56cdd4d23820fd9a4385e470"},
    {file = "rapidfuzz-2.13.3-cp310-cp310-musllinux_1_1_ppc64le.whl", hash = "sha256:30741f77db0079e8af5c42e6e7b564d491dabfc1e9d40f52d5ed4c1c197502df"},
    {file = "rapidfuzz-2.13.3-cp310-cp310-musllinux_1_1_s390x.whl", hash = "sha256:ebc38e20e8c67cc82687a68d006a9e4ce2924b6c8ec8d156475dba95fa7a7eb6"},
    {file = "rapidfuzz-2.13.3-cp310-cp310-musllinux_1_1_x86_64.whl", hash = "sha256:d592166beedfa9e0383f913c1562a933bae9aa49380d70aaa65c100cc63dec20"},
    {file = "rapidfuzz-2.13.3-cp310-cp310-win32.whl", hash = "sha256:ebb449658b8baf639c06af520b9d68ca476622d6764f3856c2b34fed05c51617"},
    {file = "rapidfuzz-2.13.3-cp310-cp310-win_amd64.whl", hash = "sha256:43abe1c771e1b7caf3e1c230951e0d0ec966a02af55ebdb55b8a11e83b33b3d9"},
    {file = "rapidfuzz-2.13.3-cp311-cp311-macosx_10_9_universal2.whl", hash = "sha256:16bf1cce7d0038289b34e1cfba92686c54e866e0697a3b8e68423f8ec8a22805"},
    {file = "rapidfuzz-2.13.3-cp311-cp311-macosx_10_9_x86_64.whl", hash = "sha256:01a12f6afc5d339774ea674e821821eb4ec007479b66632a155709b60e70a809"},
    {file = "rapidfuzz-2.13.3-cp311-cp311-macosx_11_0_arm64.whl", hash = "sha256:11bb0cbbb77721339c86e0779a73a5878b401607503321fd9ae338e2526873e5"},
    {file = "rapidfuzz-2.13.3-cp311-cp311-manylinux_2_17_aarch64.manylinux2014_aarch64.whl", hash = "sha256:79c4b7a5b61a53019eada388d279b976289a333e8e49da00c58227f7319d9ec8"},
    {file = "rapidfuzz-2.13.3-cp311-cp311-manylinux_2_17_i686.manylinux2014_i686.whl", hash = "sha256:179927453ab594b117c8ca7ce1de8ff456cd45a636c8bd5bfece8daddb66eb39"},
    {file = "rapidfuzz-2.13.3-cp311-cp311-manylinux_2_17_ppc64le.manylinux2014_ppc64le.whl", hash = "sha256:2f677f95076b92c0042887a136e641c01667332e0a16b19155f3d4026311ddb2"},
    {file = "rapidfuzz-2.13.3-cp311-cp311-manylinux_2_17_s390x.manylinux2014_s390x.whl", hash = "sha256:a60eb9dda0c1f47eb78914c9bbc1bbb49d0a32427c11779a98faf5f8429f9f7f"},
    {file = "rapidfuzz-2.13.3-cp311-cp311-manylinux_2_17_x86_64.manylinux2014_x86_64.whl", hash = "sha256:805014161362eb9fd7119c5921ef4c8a4f4181004e5ca8ca735219e95fe84aeb"},
    {file = "rapidfuzz-2.13.3-cp311-cp311-musllinux_1_1_aarch64.whl", hash = "sha256:e027a2dfd3c12115af44ae8eddf077e67b5a04cef5a46a2942c1b4e4c422fcd8"},
    {file = "rapidfuzz-2.13.3-cp311-cp311-musllinux_1_1_i686.whl", hash = "sha256:c87f3d04d90dec2b6d802c589f9ddbe8bc27d060af848e0ff4dfb78def9be49e"},
    {file = "rapidfuzz-2.13.3-cp311-cp311-musllinux_1_1_ppc64le.whl", hash = "sha256:5314094d06c5e9b5046d619c3742b8d4c7c7b69360f9e1c21c15b083fa1ac098"},
    {file = "rapidfuzz-2.13.3-cp311-cp311-musllinux_1_1_s390x.whl", hash = "sha256:6d83b98342aeb3c2ace9416f2f3112ad9a4773ecd38de1314afa6a5afbb09e83"},
    {file = "rapidfuzz-2.13.3-cp311-cp311-musllinux_1_1_x86_64.whl", hash = "sha256:b19939ef72c37e893d00400fb4205e344d5dfb3dc5aad7871cd0b0f346117576"},
    {file = "rapidfuzz-2.13.3-cp311-cp311-win32.whl", hash = "sha256:82b36669f3287ac2bc2ea9493f3ba3d038c448e0c101cad39cb91283481d8482"},
    {file = "rapidfuzz-2.13.3-cp311-cp311-win_amd64.whl", hash = "sha256:2615f2cf97ead0890662eca39e8973a8b9230d6ca7d20f4e602aa8ee1d4a4da0"},
    {file = "rapidfuzz-2.13.3-cp37-cp37m-macosx_10_9_x86_64.whl", hash = "sha256:65c6b917b289989026cd86c66a1db97d8728e82149487ab8f264b347f36fcabb"},
    {file = "rapidfuzz-2.13.3-cp37-cp37m-manylinux_2_17_aarch64.manylinux2014_aarch64.whl", hash = "sha256:1a35b3addcd170e58ad170f3b11678d6e8467ac0bd8c8c1493259c1e35b61e95"},
    {file = "rapidfuzz-2.13.3-cp37-cp37m-manylinux_2_17_i686.manylinux2014_i686.whl", hash = "sha256:4a7c850771f981a31f0c6826f9f5cec98e7f6efae1611adcb6ba7dccb935a85f"},
    {file = "rapidfuzz-2.13.3-cp37-cp37m-manylinux_2_17_ppc64le.manylinux2014_ppc64le.whl", hash = "sha256:1b7a86dc041be2904291bc66047ea94814a258dcb2ef7c424ccee8049daf7d1f"},
    {file = "rapidfuzz-2.13.3-cp37-cp37m-manylinux_2_17_s390x.manylinux2014_s390x.whl", hash = "sha256:c7e110790d8400846488b7f3cc06bda0a638033af8f0994ea1b2c78af4af988b"},
    {file = "rapidfuzz-2.13.3-cp37-cp37m-manylinux_2_17_x86_64.manylinux2014_x86_64.whl", hash = "sha256:bc257865914ce11d4c5685033314245c55501c8a337331ae9cc6207e67eac20d"},
    {file = "rapidfuzz-2.13.3-cp37-cp37m-musllinux_1_1_aarch64.whl", hash = "sha256:8104e2a3b3400bc7dd965e67e1d1902fe234a03116c6a4a012504156ce884d37"},
    {file = "rapidfuzz-2.13.3-cp37-cp37m-musllinux_1_1_i686.whl", hash = "sha256:97bc1969f535e1db324b6798074534405a510c53505525fb05974f34fedef42f"},
    {file = "rapidfuzz-2.13.3-cp37-cp37m-musllinux_1_1_ppc64le.whl", hash = "sha256:7624bcd56d28c59c3a58beb546d761540b5d57bde6f34ff098e4136366734523"},
    {file = "rapidfuzz-2.13.3-cp37-cp37m-musllinux_1_1_s390x.whl", hash = "sha256:85ca97e74c10d45dfa3e7b0568343bd7272de5da3ba028146dfccb0534f7a2e4"},
    {file = "rapidfuzz-2.13.3-cp37-cp37m-musllinux_1_1_x86_64.whl", hash = "sha256:1e2be097a878e673e2ec0df345943aba4b58781245d298cc192d88741dcaeb6c"},
    {file = "rapidfuzz-2.13.3-cp37-cp37m-win32.whl", hash = "sha256:120d954eba295cdee334d319f3c35c5dee439d5a709cff01112325d5c6bb017b"},
    {file = "rapidfuzz-2.13.3-cp37-cp37m-win_amd64.whl", hash = "sha256:bb409d9449ca1027d0dea3a754f84fb783b44bfa256f3e4972e5aeaec8502a1d"},
    {file = "rapidfuzz-2.13.3-cp38-cp38-macosx_10_9_universal2.whl", hash = "sha256:85fe357e99bcce4ce337b510fd27fa9efae2df758773cd983b5c2645636b8659"},
    {file = "rapidfuzz-2.13.3-cp38-cp38-macosx_10_9_x86_64.whl", hash = "sha256:f90c5075fb8971e10b1287cff38ce5556d398132a938d407cb89e213d25d62e5"},
    {file = "rapidfuzz-2.13.3-cp38-cp38-macosx_11_0_arm64.whl", hash = "sha256:c882cc197d8dab88f4226dd77101bdcf04be281c8a007991cf1ba81fde086598"},
    {file = "rapidfuzz-2.13.3-cp38-cp38-manylinux_2_17_aarch64.manylinux2014_aarch64.whl", hash = "sha256:ef61d5d7dc0e1e70a71777dd08333f1f90700f279588d320bdd7a1c47e7f4d13"},
    {file = "rapidfuzz-2.13.3-cp38-cp38-manylinux_2_17_i686.manylinux2014_i686.whl", hash = "sha256:4a22e5f762a3869bf25d88c6ea1ae99e4227660814650b17df537eee9dd7fc2f"},
    {file = "rapidfuzz-2.13.3-cp38-cp38-manylinux_2_17_ppc64le.manylinux2014_ppc64le.whl", hash = "sha256:7af0c851a754d715e921fad1c027a6f75b3681bf0ec8732172b0648c61830ded"},
    {file = "rapidfuzz-2.13.3-cp38-cp38-manylinux_2_17_s390x.manylinux2014_s390x.whl", hash = "sha256:e0da28db21654a28512c290eb5f210f933504e879d9afb70e7561add4e5a44a7"},
    {file = "rapidfuzz-2.13.3-cp38-cp38-manylinux_2_17_x86_64.manylinux2014_x86_64.whl", hash = "sha256:ad539e28021d489b113c3c0f15775efd72bff4d87cf3adb9f669bf86270eaefb"},
    {file = "rapidfuzz-2.13.3-cp38-cp38-musllinux_1_1_aarch64.whl", hash = "sha256:11745d85ebe028c6dc773028a6da8705f499beb71f09b69477c2e1a47411d0bd"},
    {file = "rapidfuzz-2.13.3-cp38-cp38-musllinux_1_1_i686.whl", hash = "sha256:7283fbbe32824e1f029296683f2982f3def2637cf1e1870b2669fced4d7591e2"},
    {file = "rapidfuzz-2.13.3-cp38-cp38-musllinux_1_1_ppc64le.whl", hash = "sha256:995c46570e703c1f11524e82ba5fcbdd38a8b462fa13e42ce53d4d2310512fa5"},
    {file = "rapidfuzz-2.13.3-cp38-cp38-musllinux_1_1_s390x.whl", hash = "sha256:c9a0b1a5ab19c58ef4a111587e37ccb725e3da629d4291499d91a893e82acbe3"},
    {file = "rapidfuzz-2.13.3-cp38-cp38-musllinux_1_1_x86_64.whl", hash = "sha256:5a27eeb401f90be74bff43f74ade235e94b13af99e39a7210fa1ff224fb70956"},
    {file = "rapidfuzz-2.13.3-cp38-cp38-win32.whl", hash = "sha256:602098d423ebdd7babe3002a39068ed714b8f77c1694abbe29dfc8bac5e19e6a"},
    {file = "rapidfuzz-2.13.3-cp38-cp38-win_amd64.whl", hash = "sha256:e7487e9caeaafce8eeea1376b2380cfd0108ba8edeec95de30cfde12cd282e06"},
    {file = "rapidfuzz-2.13.3-cp39-cp39-macosx_10_9_universal2.whl", hash = "sha256:d93ab6ac3dae43fe2a4192a33521aae332826b9643089a0600eb4160d5a7b044"},
    {file = "rapidfuzz-2.13.3-cp39-cp39-macosx_10_9_x86_64.whl", hash = "sha256:821bf713af7763e1dae60b5b5758db904ad353199867e203cf38ea263f4f54e3"},
    {file = "rapidfuzz-2.13.3-cp39-cp39-macosx_11_0_arm64.whl", hash = "sha256:3905cc8cb5e2dd40985f30c5e2356af92b8c945bfb2441a3bf1b5b31bc793c49"},
    {file = "rapidfuzz-2.13.3-cp39-cp39-manylinux_2_17_aarch64.manylinux2014_aarch64.whl", hash = "sha256:894a8e4d3e0014ccbca4de7cf8b20e77965a2d20ff74b4456ce3672c9590324d"},
    {file = "rapidfuzz-2.13.3-cp39-cp39-manylinux_2_17_i686.manylinux2014_i686.whl", hash = "sha256:8bae2444921cab38ecf8f42d60863f8263a30a8930bf24c82ec587b364bd816f"},
    {file = "rapidfuzz-2.13.3-cp39-cp39-manylinux_2_17_ppc64le.manylinux2014_ppc64le.whl", hash = "sha256:805c8d3d7c0a7b9115b4a00042221d539081fc36d4cc034aac0ef04c4311b21e"},
    {file = "rapidfuzz-2.13.3-cp39-cp39-manylinux_2_17_s390x.manylinux2014_s390x.whl", hash = "sha256:6e5de3acb7ba3b24fc4ce45f21c1ac02ed52f88131916b393a65018e3a413a51"},
    {file = "rapidfuzz-2.13.3-cp39-cp39-manylinux_2_17_x86_64.manylinux2014_x86_64.whl", hash = "sha256:27f633a6d7c87005766ee23c7beb6c41705045d72b232e2f8bf1496d1b58267e"},
    {file = "rapidfuzz-2.13.3-cp39-cp39-musllinux_1_1_aarch64.whl", hash = "sha256:1ccaec24cce386f3207288d6bb30b00e2ac586e30c298a24db63f37d6dd2aa42"},
    {file = "rapidfuzz-2.13.3-cp39-cp39-musllinux_1_1_i686.whl", hash = "sha256:f119d57ca994813ea8715c8f694b724a0a18b9dd53263955d83bc38e48dc2482"},
    {file = "rapidfuzz-2.13.3-cp39-cp39-musllinux_1_1_ppc64le.whl", hash = "sha256:8abdb50bd6ddc7cdbf591ba00e7a69f2e42e1936cf27f48b80d66ed9123912e0"},
    {file = "rapidfuzz-2.13.3-cp39-cp39-musllinux_1_1_s390x.whl", hash = "sha256:5d567fa4592f7138d1bc6565bf1a3b459337b439671aaabc10ee7c59b794605e"},
    {file = "rapidfuzz-2.13.3-cp39-cp39-musllinux_1_1_x86_64.whl", hash = "sha256:5fa1cb29b9ceb12559cb5cd68b4a06536373ca20c5611111ef008eecee8bf1a5"},
    {file = "rapidfuzz-2.13.3-cp39-cp39-win32.whl", hash = "sha256:10400e0896f68ae6d7e6644ebf1bc8dc2006ac369fde5352bdbe10465e1bbea0"},
    {file = "rapidfuzz-2.13.3-cp39-cp39-win_amd64.whl", hash = "sha256:7d3205ace3e018bcf40a706da89cbf81521f8e10402080e90b0e88643c2235ef"},
    {file = "rapidfuzz-2.13.3-pp37-pypy37_pp73-macosx_10_9_x86_64.whl", hash = "sha256:ff8afee5e8da945e81632989457851ac76ea1ef0668797b886bb37071929a64b"},
    {file = "rapidfuzz-2.13.3-pp37-pypy37_pp73-manylinux_2_17_aarch64.manylinux2014_aarch64.whl", hash = "sha256:7eeb2f8ec443aa1aaca02d9e2705482506f90ad77a95b117e11b66b2cd965ef7"},
    {file = "rapidfuzz-2.13.3-pp37-pypy37_pp73-manylinux_2_17_i686.manylinux2014_i686.whl", hash = "sha256:f19960c240488790c932af7fbd6191ce1d990820d9a0ef100da3dcfa88fd9595"},
    {file = "rapidfuzz-2.13.3-pp37-pypy37_pp73-manylinux_2_17_x86_64.manylinux2014_x86_64.whl", hash = "sha256:65190371f7a1bf8a66279801ef3a411dd50ee8670cd646a17c4a2a8d86cbbdf8"},
    {file = "rapidfuzz-2.13.3-pp37-pypy37_pp73-win_amd64.whl", hash = "sha256:755b292271c55d2ed96ba7e1043dccf7f505c1688a40a824cc55874b1ddbed17"},
    {file = "rapidfuzz-2.13.3-pp38-pypy38_pp73-macosx_10_9_x86_64.whl", hash = "sha256:ab85c6a9a701c3d25367624b38ba97241a77932263191ac55d8041d2a2435c09"},
    {file = "rapidfuzz-2.13.3-pp38-pypy38_pp73-manylinux_2_17_aarch64.manylinux2014_aarch64.whl", hash = "sha256:e00a9123e7dc1975e5f9b06fa4e764ba579549b32de559b94460f32b2ba1791c"},
    {file = "rapidfuzz-2.13.3-pp38-pypy38_pp73-manylinux_2_17_i686.manylinux2014_i686.whl", hash = "sha256:d9ff479a7c92012fd9778c1184f8ccb40f196a86704c337a5d3920f47ca4aa24"},
    {file = "rapidfuzz-2.13.3-pp38-pypy38_pp73-manylinux_2_17_x86_64.manylinux2014_x86_64.whl", hash = "sha256:61dd2c8ef4b564dccba1af7d560653d2c0b18eeed64d0d0386bf47cfc0416a7c"},
    {file = "rapidfuzz-2.13.3-pp38-pypy38_pp73-win_amd64.whl", hash = "sha256:971fdb684df048a8e3348b44fab9afe5cdf33f8db63300dbfd9ead87b0cfe733"},
    {file = "rapidfuzz-2.13.3-pp39-pypy39_pp73-macosx_10_9_x86_64.whl", hash = "sha256:e26e69cf9a9c81a19b4846dc23f3ef3dfe1cf8d8525474e646dd51a21f94b634"},
    {file = "rapidfuzz-2.13.3-pp39-pypy39_pp73-manylinux_2_17_aarch64.manylinux2014_aarch64.whl", hash = "sha256:1028697f5c6b0e0bf9a0a4497ac61f35dd7e02d513f8359110102a661b67a7ac"},
    {file = "rapidfuzz-2.13.3-pp39-pypy39_pp73-manylinux_2_17_i686.manylinux2014_i686.whl", hash = "sha256:f8a94f18224678eca6989206ec7432d75d1250e7a85a167cb96aeade4f40ad71"},
    {file = "rapidfuzz-2.13.3-pp39-pypy39_pp73-manylinux_2_17_x86_64.manylinux2014_x86_64.whl", hash = "sha256:b39aa709f37e20d03e37cc2f7c25f3e69d565a5446c4f22915a0b2365b7991ff"},
    {file = "rapidfuzz-2.13.3-pp39-pypy39_pp73-win_amd64.whl", hash = "sha256:6ddf120cf7862e9889b8a24530439528a92bfa0aca822d10ebf8c72c1e887d8a"},
    {file = "rapidfuzz-2.13.3.tar.gz", hash = "sha256:c734d54b5fbdcfea605f7365dedb7083e7499d394fbd03378d663b398e9790ad"},
]
requests = [
    {file = "requests-2.28.1-py3-none-any.whl", hash = "sha256:8fefa2a1a1365bf5520aac41836fbee479da67864514bdb821f31ce07ce65349"},
    {file = "requests-2.28.1.tar.gz", hash = "sha256:7c5599b102feddaa661c826c56ab4fee28bfd17f5abca1ebbe3e7f19d7c97983"},
]
setuptools = [
    {file = "setuptools-65.3.0-py3-none-any.whl", hash = "sha256:2e24e0bec025f035a2e72cdd1961119f557d78ad331bb00ff82efb2ab8da8e82"},
    {file = "setuptools-65.3.0.tar.gz", hash = "sha256:7732871f4f7fa58fb6bdcaeadb0161b2bd046c85905dbaa066bdcbcc81953b57"},
]
snakeviz = [
    {file = "snakeviz-2.1.1-py2.py3-none-any.whl", hash = "sha256:931142dc927101c9a4b6e89bc0577ff1a3d1886b483a04e6af70c31d2c3dce19"},
    {file = "snakeviz-2.1.1.tar.gz", hash = "sha256:0d96c006304f095cb4b3fb7ed98bb866ca35a7ca4ab9020bbc27d295ee4c94d9"},
]
tornado = [
    {file = "tornado-6.2-cp37-abi3-macosx_10_9_universal2.whl", hash = "sha256:20f638fd8cc85f3cbae3c732326e96addff0a15e22d80f049e00121651e82e72"},
    {file = "tornado-6.2-cp37-abi3-macosx_10_9_x86_64.whl", hash = "sha256:87dcafae3e884462f90c90ecc200defe5e580a7fbbb4365eda7c7c1eb809ebc9"},
    {file = "tornado-6.2-cp37-abi3-manylinux_2_17_aarch64.manylinux2014_aarch64.whl", hash = "sha256:ba09ef14ca9893954244fd872798b4ccb2367c165946ce2dd7376aebdde8e3ac"},
    {file = "tornado-6.2-cp37-abi3-manylinux_2_5_i686.manylinux1_i686.manylinux_2_17_i686.manylinux2014_i686.whl", hash = "sha256:b8150f721c101abdef99073bf66d3903e292d851bee51910839831caba341a75"},
    {file = "tornado-6.2-cp37-abi3-manylinux_2_5_x86_64.manylinux1_x86_64.manylinux_2_17_x86_64.manylinux2014_x86_64.whl", hash = "sha256:d3a2f5999215a3a06a4fc218026cd84c61b8b2b40ac5296a6db1f1451ef04c1e"},
    {file = "tornado-6.2-cp37-abi3-musllinux_1_1_aarch64.whl", hash = "sha256:5f8c52d219d4995388119af7ccaa0bcec289535747620116a58d830e7c25d8a8"},
    {file = "tornado-6.2-cp37-abi3-musllinux_1_1_i686.whl", hash = "sha256:6fdfabffd8dfcb6cf887428849d30cf19a3ea34c2c248461e1f7d718ad30b66b"},
    {file = "tornado-6.2-cp37-abi3-musllinux_1_1_x86_64.whl", hash = "sha256:1d54d13ab8414ed44de07efecb97d4ef7c39f7438cf5e976ccd356bebb1b5fca"},
    {file = "tornado-6.2-cp37-abi3-win32.whl", hash = "sha256:5c87076709343557ef8032934ce5f637dbb552efa7b21d08e89ae7619ed0eb23"},
    {file = "tornado-6.2-cp37-abi3-win_amd64.whl", hash = "sha256:e5f923aa6a47e133d1cf87d60700889d7eae68988704e20c75fb2d65677a8e4b"},
    {file = "tornado-6.2.tar.gz", hash = "sha256:9b630419bde84ec666bfd7ea0a4cb2a8a651c2d5cccdbdd1972a0c859dfc3c13"},
]
urllib3 = [
    {file = "urllib3-1.26.12-py2.py3-none-any.whl", hash = "sha256:b930dd878d5a8afb066a637fbb35144fe7901e3b209d1cd4f524bd0e9deee997"},
    {file = "urllib3-1.26.12.tar.gz", hash = "sha256:3fa96cf423e6987997fc326ae8df396db2a8b7c667747d47ddd8ecba91f4a74e"},
]
win32-setctime = [
    {file = "win32_setctime-1.1.0-py3-none-any.whl", hash = "sha256:231db239e959c2fe7eb1d7dc129f11172354f98361c4fa2d6d2d7e278baa8aad"},
    {file = "win32_setctime-1.1.0.tar.gz", hash = "sha256:15cf5750465118d6929ae4de4eb46e8edae9a5634350c01ba582df868e932cb2"},
]
