[[package]]
name = "altgraph"
version = "0.17.2"
description = "Python graph (network) package"
category = "dev"
optional = false
python-versions = "*"

[[package]]
name = "certifi"
version = "2022.6.15"
description = "Python package for providing Mozilla's CA Bundle."
category = "main"
optional = false
python-versions = ">=3.6"

[[package]]
name = "charset-normalizer"
version = "2.1.1"
description = "The Real First Universal Charset Detector. Open, modern and actively maintained alternative to Chardet."
category = "main"
optional = false
python-versions = ">=3.6.0"

[package.extras]
unicode-backport = ["unicodedata2"]

[[package]]
name = "click"
version = "8.1.3"
description = "Composable command line interface toolkit"
category = "main"
optional = false
python-versions = ">=3.7"

[package.dependencies]
colorama = {version = "*", markers = "platform_system == \"Windows\""}

[[package]]
name = "colorama"
version = "0.4.5"
description = "Cross-platform colored terminal text."
category = "main"
optional = false
python-versions = ">=2.7, !=3.0.*, !=3.1.*, !=3.2.*, !=3.3.*, !=3.4.*"

[[package]]
name = "future"
version = "0.18.2"
description = "Clean single-source support for Python 3 and 2"
category = "dev"
optional = false
python-versions = ">=2.6, !=3.0.*, !=3.1.*, !=3.2.*"

[[package]]
name = "idna"
version = "3.3"
description = "Internationalized Domain Names in Applications (IDNA)"
category = "main"
optional = false
python-versions = ">=3.5"

[[package]]
name = "json5"
version = "0.9.10"
description = "A Python implementation of the JSON5 data format."
category = "main"
optional = false
python-versions = "*"

[package.extras]
dev = ["hypothesis"]

[[package]]
name = "loguru"
version = "0.6.0"
description = "Python logging made (stupidly) simple"
category = "main"
optional = false
python-versions = ">=3.5"

[package.dependencies]
colorama = {version = ">=0.3.4", markers = "sys_platform == \"win32\""}
win32-setctime = {version = ">=1.0.0", markers = "sys_platform == \"win32\""}

[package.extras]
dev = ["Sphinx (>=4.1.1)", "black (>=19.10b0)", "colorama (>=0.3.4)", "docutils (==0.16)", "flake8 (>=3.7.7)", "isort (>=5.1.1)", "pytest (>=4.6.2)", "pytest-cov (>=2.7.1)", "sphinx-autobuild (>=0.7.1)", "sphinx-rtd-theme (>=0.4.3)", "tox (>=3.9.0)"]

[[package]]
name = "lxml"
version = "4.9.1"
description = "Powerful and Pythonic XML processing library combining libxml2/libxslt with the ElementTree API."
category = "main"
optional = false
python-versions = ">=2.7, !=3.0.*, !=3.1.*, !=3.2.*, !=3.3.*, != 3.4.*"

[package.extras]
cssselect = ["cssselect (>=0.7)"]
html5 = ["html5lib"]
htmlsoup = ["BeautifulSoup4"]
source = ["Cython (>=0.29.7)"]

[[package]]
name = "macholib"
version = "1.16"
description = "Mach-O header analysis and editing"
category = "dev"
optional = false
python-versions = "*"

[package.dependencies]
altgraph = ">=0.15"

[[package]]
name = "pefile"
version = "2022.5.30"
description = "Python PE parsing module"
category = "dev"
optional = false
python-versions = ">=3.6.0"

[package.dependencies]
future = "*"

[[package]]
name = "polib"
version = "1.1.1"
description = "A library to manipulate gettext files (po and mo files)."
category = "main"
optional = false
python-versions = "*"

[[package]]
name = "pyinstaller"
version = "5.5"
description = "PyInstaller bundles a Python application and all its dependencies into a single package."
category = "dev"
optional = false
python-versions = "<3.12,>=3.7"

[package.dependencies]
altgraph = "*"
macholib = {version = ">=1.8", markers = "sys_platform == \"darwin\""}
pefile = {version = ">=2022.5.30", markers = "sys_platform == \"win32\""}
pyinstaller-hooks-contrib = ">=2021.4"
pywin32-ctypes = {version = ">=0.2.0", markers = "sys_platform == \"win32\""}
setuptools = "*"

[package.extras]
encryption = ["tinyaes (>=1.0.0)"]
hook-testing = ["execnet (>=1.5.0)", "psutil", "pytest (>=2.7.3)"]

[[package]]
name = "pyinstaller-hooks-contrib"
version = "2022.10"
description = "Community maintained hooks for PyInstaller"
category = "dev"
optional = false
python-versions = ">=3.7"

[[package]]
name = "pywin32-ctypes"
version = "0.2.0"
description = ""
category = "dev"
optional = false
python-versions = "*"

[[package]]
name = "rapidfuzz"
version = "2.11.1"
description = "rapid fuzzy string matching"
category = "main"
optional = false
python-versions = ">=3.6"

[package.extras]
full = ["numpy"]

[[package]]
name = "requests"
version = "2.28.1"
description = "Python HTTP for Humans."
category = "main"
optional = false
python-versions = ">=3.7, <4"

[package.dependencies]
certifi = ">=2017.4.17"
charset-normalizer = ">=2,<3"
idna = ">=2.5,<4"
urllib3 = ">=1.21.1,<1.27"

[package.extras]
socks = ["PySocks (>=1.5.6,!=1.5.7)"]
use-chardet-on-py3 = ["chardet (>=3.0.2,<6)"]

[[package]]
name = "setuptools"
version = "65.3.0"
description = "Easily download, build, install, upgrade, and uninstall Python packages"
category = "dev"
optional = false
python-versions = ">=3.7"

[package.extras]
docs = ["furo", "jaraco.packaging (>=9)", "jaraco.tidelift (>=1.4)", "pygments-github-lexers (==0.0.5)", "rst.linker (>=1.9)", "sphinx", "sphinx-favicon", "sphinx-hoverxref (<2)", "sphinx-inline-tabs", "sphinx-notfound-page (==0.8.3)", "sphinx-reredirects", "sphinxcontrib-towncrier"]
testing = ["build[virtualenv]", "filelock (>=3.4.0)", "flake8 (<5)", "flake8-2020", "ini2toml[lite] (>=0.9)", "jaraco.envs (>=2.2)", "jaraco.path (>=3.2.0)", "mock", "pip (>=19.1)", "pip-run (>=8.8)", "pytest (>=6)", "pytest-black (>=0.3.7)", "pytest-checkdocs (>=2.4)", "pytest-cov", "pytest-enabler (>=1.3)", "pytest-flake8", "pytest-mypy (>=0.9.1)", "pytest-perf", "pytest-xdist", "tomli-w (>=1.0.0)", "virtualenv (>=13.0.0)", "wheel"]
testing-integration = ["build[virtualenv]", "filelock (>=3.4.0)", "jaraco.envs (>=2.2)", "jaraco.path (>=3.2.0)", "pytest", "pytest-enabler", "pytest-xdist", "tomli", "virtualenv (>=13.0.0)", "wheel"]

[[package]]
name = "snakeviz"
version = "2.1.1"
description = "A web-based viewer for Python profiler output"
category = "dev"
optional = false
python-versions = "*"

[package.dependencies]
tornado = ">=2.0"

[[package]]
name = "tornado"
version = "6.2"
description = "Tornado is a Python web framework and asynchronous networking library, originally developed at FriendFeed."
category = "dev"
optional = false
python-versions = ">= 3.7"

[[package]]
name = "urllib3"
version = "1.26.12"
description = "HTTP library with thread-safe connection pooling, file post, and more."
category = "main"
optional = false
python-versions = ">=2.7, !=3.0.*, !=3.1.*, !=3.2.*, !=3.3.*, !=3.4.*, !=3.5.*, <4"

[package.extras]
brotli = ["brotli (>=1.0.9)", "brotlicffi (>=0.8.0)", "brotlipy (>=0.6.0)"]
secure = ["certifi", "cryptography (>=1.3.4)", "idna (>=2.0.0)", "ipaddress", "pyOpenSSL (>=0.14)", "urllib3-secure-extra"]
socks = ["PySocks (>=1.5.6,!=1.5.7,<2.0)"]

[[package]]
name = "win32-setctime"
version = "1.1.0"
description = "A small Python utility to set file creation time on Windows"
category = "main"
optional = false
python-versions = ">=3.5"

[package.extras]
dev = ["black (>=19.3b0)", "pytest (>=4.6.2)"]

[metadata]
lock-version = "1.1"
python-versions = ">=3.10,<3.11"
content-hash = "32a5e09102583b8f986063a78dbbcbd61c9576eb87caf040ea6050a482acb233"

[metadata.files]
altgraph = [
    {file = "altgraph-0.17.2-py2.py3-none-any.whl", hash = "sha256:743628f2ac6a7c26f5d9223c91ed8ecbba535f506f4b6f558885a8a56a105857"},
    {file = "altgraph-0.17.2.tar.gz", hash = "sha256:ebf2269361b47d97b3b88e696439f6e4cbc607c17c51feb1754f90fb79839158"},
]
certifi = [
    {file = "certifi-2022.6.15-py3-none-any.whl", hash = "sha256:fe86415d55e84719d75f8b69414f6438ac3547d2078ab91b67e779ef69378412"},
    {file = "certifi-2022.6.15.tar.gz", hash = "sha256:84c85a9078b11105f04f3036a9482ae10e4621616db313fe045dd24743a0820d"},
]
charset-normalizer = [
    {file = "charset-normalizer-2.1.1.tar.gz", hash = "sha256:5a3d016c7c547f69d6f81fb0db9449ce888b418b5b9952cc5e6e66843e9dd845"},
    {file = "charset_normalizer-2.1.1-py3-none-any.whl", hash = "sha256:83e9a75d1911279afd89352c68b45348559d1fc0506b054b346651b5e7fee29f"},
]
click = [
    {file = "click-8.1.3-py3-none-any.whl", hash = "sha256:bb4d8133cb15a609f44e8213d9b391b0809795062913b383c62be0ee95b1db48"},
    {file = "click-8.1.3.tar.gz", hash = "sha256:7682dc8afb30297001674575ea00d1814d808d6a36af415a82bd481d37ba7b8e"},
]
colorama = [
    {file = "colorama-0.4.5-py2.py3-none-any.whl", hash = "sha256:854bf444933e37f5824ae7bfc1e98d5bce2ebe4160d46b5edf346a89358e99da"},
    {file = "colorama-0.4.5.tar.gz", hash = "sha256:e6c6b4334fc50988a639d9b98aa429a0b57da6e17b9a44f0451f930b6967b7a4"},
]
future = [
    {file = "future-0.18.2.tar.gz", hash = "sha256:b1bead90b70cf6ec3f0710ae53a525360fa360d306a86583adc6bf83a4db537d"},
]
idna = [
    {file = "idna-3.3-py3-none-any.whl", hash = "sha256:84d9dd047ffa80596e0f246e2eab0b391788b0503584e8945f2368256d2735ff"},
    {file = "idna-3.3.tar.gz", hash = "sha256:9d643ff0a55b762d5cdb124b8eaa99c66322e2157b69160bc32796e824360e6d"},
]
json5 = [
    {file = "json5-0.9.10-py2.py3-none-any.whl", hash = "sha256:993189671e7412e9cdd8be8dc61cf402e8e579b35f1d1bb20ae6b09baa78bbce"},
    {file = "json5-0.9.10.tar.gz", hash = "sha256:ad9f048c5b5a4c3802524474ce40a622fae789860a86f10cc4f7e5f9cf9b46ab"},
]
loguru = [
    {file = "loguru-0.6.0-py3-none-any.whl", hash = "sha256:4e2414d534a2ab57573365b3e6d0234dfb1d84b68b7f3b948e6fb743860a77c3"},
    {file = "loguru-0.6.0.tar.gz", hash = "sha256:066bd06758d0a513e9836fd9c6b5a75bfb3fd36841f4b996bc60b547a309d41c"},
]
lxml = [
    {file = "lxml-4.9.1-cp27-cp27m-macosx_10_15_x86_64.whl", hash = "sha256:98cafc618614d72b02185ac583c6f7796202062c41d2eeecdf07820bad3295ed"},
    {file = "lxml-4.9.1-cp27-cp27m-manylinux_2_5_i686.manylinux1_i686.whl", hash = "sha256:c62e8dd9754b7debda0c5ba59d34509c4688f853588d75b53c3791983faa96fc"},
    {file = "lxml-4.9.1-cp27-cp27m-manylinux_2_5_x86_64.manylinux1_x86_64.whl", hash = "sha256:21fb3d24ab430fc538a96e9fbb9b150029914805d551deeac7d7822f64631dfc"},
    {file = "lxml-4.9.1-cp27-cp27m-win32.whl", hash = "sha256:86e92728ef3fc842c50a5cb1d5ba2bc66db7da08a7af53fb3da79e202d1b2cd3"},
    {file = "lxml-4.9.1-cp27-cp27m-win_amd64.whl", hash = "sha256:4cfbe42c686f33944e12f45a27d25a492cc0e43e1dc1da5d6a87cbcaf2e95627"},
    {file = "lxml-4.9.1-cp27-cp27mu-manylinux_2_5_i686.manylinux1_i686.whl", hash = "sha256:dad7b164905d3e534883281c050180afcf1e230c3d4a54e8038aa5cfcf312b84"},
    {file = "lxml-4.9.1-cp27-cp27mu-manylinux_2_5_x86_64.manylinux1_x86_64.whl", hash = "sha256:a614e4afed58c14254e67862456d212c4dcceebab2eaa44d627c2ca04bf86837"},
    {file = "lxml-4.9.1-cp310-cp310-manylinux_2_12_i686.manylinux2010_i686.manylinux_2_24_i686.whl", hash = "sha256:f9ced82717c7ec65a67667bb05865ffe38af0e835cdd78728f1209c8fffe0cad"},
    {file = "lxml-4.9.1-cp310-cp310-manylinux_2_17_aarch64.manylinux2014_aarch64.manylinux_2_24_aarch64.whl", hash = "sha256:d9fc0bf3ff86c17348dfc5d322f627d78273eba545db865c3cd14b3f19e57fa5"},
    {file = "lxml-4.9.1-cp310-cp310-manylinux_2_17_x86_64.manylinux2014_x86_64.manylinux_2_24_x86_64.whl", hash = "sha256:e5f66bdf0976ec667fc4594d2812a00b07ed14d1b44259d19a41ae3fff99f2b8"},
    {file = "lxml-4.9.1-cp310-cp310-musllinux_1_1_aarch64.whl", hash = "sha256:fe17d10b97fdf58155f858606bddb4e037b805a60ae023c009f760d8361a4eb8"},
    {file = "lxml-4.9.1-cp310-cp310-musllinux_1_1_x86_64.whl", hash = "sha256:8caf4d16b31961e964c62194ea3e26a0e9561cdf72eecb1781458b67ec83423d"},
    {file = "lxml-4.9.1-cp310-cp310-win32.whl", hash = "sha256:4780677767dd52b99f0af1f123bc2c22873d30b474aa0e2fc3fe5e02217687c7"},
    {file = "lxml-4.9.1-cp310-cp310-win_amd64.whl", hash = "sha256:b122a188cd292c4d2fcd78d04f863b789ef43aa129b233d7c9004de08693728b"},
    {file = "lxml-4.9.1-cp311-cp311-manylinux_2_12_i686.manylinux2010_i686.manylinux_2_24_i686.whl", hash = "sha256:be9eb06489bc975c38706902cbc6888f39e946b81383abc2838d186f0e8b6a9d"},
    {file = "lxml-4.9.1-cp311-cp311-manylinux_2_17_x86_64.manylinux2014_x86_64.manylinux_2_24_x86_64.whl", hash = "sha256:f1be258c4d3dc609e654a1dc59d37b17d7fef05df912c01fc2e15eb43a9735f3"},
    {file = "lxml-4.9.1-cp311-cp311-musllinux_1_1_x86_64.whl", hash = "sha256:927a9dd016d6033bc12e0bf5dee1dde140235fc8d0d51099353c76081c03dc29"},
    {file = "lxml-4.9.1-cp35-cp35m-manylinux_2_5_i686.manylinux1_i686.whl", hash = "sha256:9232b09f5efee6a495a99ae6824881940d6447debe272ea400c02e3b68aad85d"},
    {file = "lxml-4.9.1-cp35-cp35m-manylinux_2_5_x86_64.manylinux1_x86_64.whl", hash = "sha256:04da965dfebb5dac2619cb90fcf93efdb35b3c6994fea58a157a834f2f94b318"},
    {file = "lxml-4.9.1-cp35-cp35m-win32.whl", hash = "sha256:4d5bae0a37af799207140652a700f21a85946f107a199bcb06720b13a4f1f0b7"},
    {file = "lxml-4.9.1-cp35-cp35m-win_amd64.whl", hash = "sha256:4878e667ebabe9b65e785ac8da4d48886fe81193a84bbe49f12acff8f7a383a4"},
    {file = "lxml-4.9.1-cp36-cp36m-macosx_10_15_x86_64.whl", hash = "sha256:1355755b62c28950f9ce123c7a41460ed9743c699905cbe664a5bcc5c9c7c7fb"},
    {file = "lxml-4.9.1-cp36-cp36m-manylinux_2_12_i686.manylinux2010_i686.manylinux_2_24_i686.whl", hash = "sha256:bcaa1c495ce623966d9fc8a187da80082334236a2a1c7e141763ffaf7a405067"},
    {file = "lxml-4.9.1-cp36-cp36m-manylinux_2_17_aarch64.manylinux2014_aarch64.whl", hash = "sha256:6eafc048ea3f1b3c136c71a86db393be36b5b3d9c87b1c25204e7d397cee9536"},
    {file = "lxml-4.9.1-cp36-cp36m-manylinux_2_17_x86_64.manylinux2014_x86_64.manylinux_2_24_x86_64.whl", hash = "sha256:13c90064b224e10c14dcdf8086688d3f0e612db53766e7478d7754703295c7c8"},
    {file = "lxml-4.9.1-cp36-cp36m-manylinux_2_5_i686.manylinux1_i686.whl", hash = "sha256:206a51077773c6c5d2ce1991327cda719063a47adc02bd703c56a662cdb6c58b"},
    {file = "lxml-4.9.1-cp36-cp36m-manylinux_2_5_x86_64.manylinux1_x86_64.whl", hash = "sha256:e8f0c9d65da595cfe91713bc1222af9ecabd37971762cb830dea2fc3b3bb2acf"},
    {file = "lxml-4.9.1-cp36-cp36m-musllinux_1_1_aarch64.whl", hash = "sha256:8f0a4d179c9a941eb80c3a63cdb495e539e064f8054230844dcf2fcb812b71d3"},
    {file = "lxml-4.9.1-cp36-cp36m-musllinux_1_1_x86_64.whl", hash = "sha256:830c88747dce8a3e7525defa68afd742b4580df6aa2fdd6f0855481e3994d391"},
    {file = "lxml-4.9.1-cp36-cp36m-win32.whl", hash = "sha256:1e1cf47774373777936c5aabad489fef7b1c087dcd1f426b621fda9dcc12994e"},
    {file = "lxml-4.9.1-cp36-cp36m-win_amd64.whl", hash = "sha256:5974895115737a74a00b321e339b9c3f45c20275d226398ae79ac008d908bff7"},
    {file = "lxml-4.9.1-cp37-cp37m-macosx_10_15_x86_64.whl", hash = "sha256:1423631e3d51008871299525b541413c9b6c6423593e89f9c4cfbe8460afc0a2"},
    {file = "lxml-4.9.1-cp37-cp37m-manylinux_2_12_i686.manylinux2010_i686.manylinux_2_24_i686.whl", hash = "sha256:2aaf6a0a6465d39b5ca69688fce82d20088c1838534982996ec46633dc7ad6cc"},
    {file = "lxml-4.9.1-cp37-cp37m-manylinux_2_17_aarch64.manylinux2014_aarch64.manylinux_2_24_aarch64.whl", hash = "sha256:9f36de4cd0c262dd9927886cc2305aa3f2210db437aa4fed3fb4940b8bf4592c"},
    {file = "lxml-4.9.1-cp37-cp37m-manylinux_2_17_x86_64.manylinux2014_x86_64.manylinux_2_24_x86_64.whl", hash = "sha256:ae06c1e4bc60ee076292e582a7512f304abdf6c70db59b56745cca1684f875a4"},
    {file = "lxml-4.9.1-cp37-cp37m-manylinux_2_5_i686.manylinux1_i686.whl", hash = "sha256:57e4d637258703d14171b54203fd6822fda218c6c2658a7d30816b10995f29f3"},
    {file = "lxml-4.9.1-cp37-cp37m-manylinux_2_5_x86_64.manylinux1_x86_64.whl", hash = "sha256:6d279033bf614953c3fc4a0aa9ac33a21e8044ca72d4fa8b9273fe75359d5cca"},
    {file = "lxml-4.9.1-cp37-cp37m-musllinux_1_1_aarch64.whl", hash = "sha256:a60f90bba4c37962cbf210f0188ecca87daafdf60271f4c6948606e4dabf8785"},
    {file = "lxml-4.9.1-cp37-cp37m-musllinux_1_1_x86_64.whl", hash = "sha256:6ca2264f341dd81e41f3fffecec6e446aa2121e0b8d026fb5130e02de1402785"},
    {file = "lxml-4.9.1-cp37-cp37m-win32.whl", hash = "sha256:27e590352c76156f50f538dbcebd1925317a0f70540f7dc8c97d2931c595783a"},
    {file = "lxml-4.9.1-cp37-cp37m-win_amd64.whl", hash = "sha256:eea5d6443b093e1545ad0210e6cf27f920482bfcf5c77cdc8596aec73523bb7e"},
    {file = "lxml-4.9.1-cp38-cp38-macosx_10_15_x86_64.whl", hash = "sha256:f05251bbc2145349b8d0b77c0d4e5f3b228418807b1ee27cefb11f69ed3d233b"},
    {file = "lxml-4.9.1-cp38-cp38-manylinux_2_12_i686.manylinux2010_i686.manylinux_2_24_i686.whl", hash = "sha256:487c8e61d7acc50b8be82bda8c8d21d20e133c3cbf41bd8ad7eb1aaeb3f07c97"},
    {file = "lxml-4.9.1-cp38-cp38-manylinux_2_17_aarch64.manylinux2014_aarch64.manylinux_2_24_aarch64.whl", hash = "sha256:8d1a92d8e90b286d491e5626af53afef2ba04da33e82e30744795c71880eaa21"},
    {file = "lxml-4.9.1-cp38-cp38-manylinux_2_17_x86_64.manylinux2014_x86_64.manylinux_2_24_x86_64.whl", hash = "sha256:b570da8cd0012f4af9fa76a5635cd31f707473e65a5a335b186069d5c7121ff2"},
    {file = "lxml-4.9.1-cp38-cp38-manylinux_2_5_i686.manylinux1_i686.whl", hash = "sha256:5ef87fca280fb15342726bd5f980f6faf8b84a5287fcc2d4962ea8af88b35130"},
    {file = "lxml-4.9.1-cp38-cp38-manylinux_2_5_x86_64.manylinux1_x86_64.whl", hash = "sha256:93e414e3206779ef41e5ff2448067213febf260ba747fc65389a3ddaa3fb8715"},
    {file = "lxml-4.9.1-cp38-cp38-musllinux_1_1_aarch64.whl", hash = "sha256:6653071f4f9bac46fbc30f3c7838b0e9063ee335908c5d61fb7a4a86c8fd2036"},
    {file = "lxml-4.9.1-cp38-cp38-musllinux_1_1_x86_64.whl", hash = "sha256:32a73c53783becdb7eaf75a2a1525ea8e49379fb7248c3eeefb9412123536387"},
    {file = "lxml-4.9.1-cp38-cp38-win32.whl", hash = "sha256:1a7c59c6ffd6ef5db362b798f350e24ab2cfa5700d53ac6681918f314a4d3b94"},
    {file = "lxml-4.9.1-cp38-cp38-win_amd64.whl", hash = "sha256:1436cf0063bba7888e43f1ba8d58824f085410ea2025befe81150aceb123e345"},
    {file = "lxml-4.9.1-cp39-cp39-macosx_10_15_x86_64.whl", hash = "sha256:4beea0f31491bc086991b97517b9683e5cfb369205dac0148ef685ac12a20a67"},
    {file = "lxml-4.9.1-cp39-cp39-manylinux_2_12_i686.manylinux2010_i686.manylinux_2_24_i686.whl", hash = "sha256:41fb58868b816c202e8881fd0f179a4644ce6e7cbbb248ef0283a34b73ec73bb"},
    {file = "lxml-4.9.1-cp39-cp39-manylinux_2_17_aarch64.manylinux2014_aarch64.manylinux_2_24_aarch64.whl", hash = "sha256:bd34f6d1810d9354dc7e35158aa6cc33456be7706df4420819af6ed966e85448"},
    {file = "lxml-4.9.1-cp39-cp39-manylinux_2_17_x86_64.manylinux2014_x86_64.manylinux_2_24_x86_64.whl", hash = "sha256:edffbe3c510d8f4bf8640e02ca019e48a9b72357318383ca60e3330c23aaffc7"},
    {file = "lxml-4.9.1-cp39-cp39-manylinux_2_5_i686.manylinux1_i686.whl", hash = "sha256:6d949f53ad4fc7cf02c44d6678e7ff05ec5f5552b235b9e136bd52e9bf730b91"},
    {file = "lxml-4.9.1-cp39-cp39-manylinux_2_5_x86_64.manylinux1_x86_64.whl", hash = "sha256:079b68f197c796e42aa80b1f739f058dcee796dc725cc9a1be0cdb08fc45b000"},
    {file = "lxml-4.9.1-cp39-cp39-musllinux_1_1_aarch64.whl", hash = "sha256:9c3a88d20e4fe4a2a4a84bf439a5ac9c9aba400b85244c63a1ab7088f85d9d25"},
    {file = "lxml-4.9.1-cp39-cp39-musllinux_1_1_x86_64.whl", hash = "sha256:4e285b5f2bf321fc0857b491b5028c5f276ec0c873b985d58d7748ece1d770dd"},
    {file = "lxml-4.9.1-cp39-cp39-win32.whl", hash = "sha256:ef72013e20dd5ba86a8ae1aed7f56f31d3374189aa8b433e7b12ad182c0d2dfb"},
    {file = "lxml-4.9.1-cp39-cp39-win_amd64.whl", hash = "sha256:10d2017f9150248563bb579cd0d07c61c58da85c922b780060dcc9a3aa9f432d"},
    {file = "lxml-4.9.1-pp37-pypy37_pp73-macosx_10_15_x86_64.whl", hash = "sha256:0538747a9d7827ce3e16a8fdd201a99e661c7dee3c96c885d8ecba3c35d1032c"},
    {file = "lxml-4.9.1-pp37-pypy37_pp73-manylinux_2_12_i686.manylinux2010_i686.manylinux_2_24_i686.whl", hash = "sha256:0645e934e940107e2fdbe7c5b6fb8ec6232444260752598bc4d09511bd056c0b"},
    {file = "lxml-4.9.1-pp37-pypy37_pp73-manylinux_2_17_x86_64.manylinux2014_x86_64.manylinux_2_24_x86_64.whl", hash = "sha256:6daa662aba22ef3258934105be2dd9afa5bb45748f4f702a3b39a5bf53a1f4dc"},
    {file = "lxml-4.9.1-pp38-pypy38_pp73-macosx_10_15_x86_64.whl", hash = "sha256:603a464c2e67d8a546ddaa206d98e3246e5db05594b97db844c2f0a1af37cf5b"},
    {file = "lxml-4.9.1-pp38-pypy38_pp73-manylinux_2_12_i686.manylinux2010_i686.manylinux_2_24_i686.whl", hash = "sha256:c4b2e0559b68455c085fb0f6178e9752c4be3bba104d6e881eb5573b399d1eb2"},
    {file = "lxml-4.9.1-pp38-pypy38_pp73-manylinux_2_17_x86_64.manylinux2014_x86_64.manylinux_2_24_x86_64.whl", hash = "sha256:0f3f0059891d3254c7b5fb935330d6db38d6519ecd238ca4fce93c234b4a0f73"},
    {file = "lxml-4.9.1-pp39-pypy39_pp73-manylinux_2_12_i686.manylinux2010_i686.manylinux_2_24_i686.whl", hash = "sha256:c852b1530083a620cb0de5f3cd6826f19862bafeaf77586f1aef326e49d95f0c"},
    {file = "lxml-4.9.1-pp39-pypy39_pp73-manylinux_2_17_x86_64.manylinux2014_x86_64.manylinux_2_24_x86_64.whl", hash = "sha256:287605bede6bd36e930577c5925fcea17cb30453d96a7b4c63c14a257118dbb9"},
    {file = "lxml-4.9.1.tar.gz", hash = "sha256:fe749b052bb7233fe5d072fcb549221a8cb1a16725c47c37e42b0b9cb3ff2c3f"},
]
macholib = [
    {file = "macholib-1.16-py2.py3-none-any.whl", hash = "sha256:5a0742b587e6e57bfade1ab90651d4877185bf66fd4a176a488116de36878229"},
    {file = "macholib-1.16.tar.gz", hash = "sha256:001bf281279b986a66d7821790d734e61150d52f40c080899df8fefae056e9f7"},
]
pefile = [
    {file = "pefile-2022.5.30.tar.gz", hash = "sha256:a5488a3dd1fd021ce33f969780b88fe0f7eebb76eb20996d7318f307612a045b"},
]
polib = [
    {file = "polib-1.1.1-py2.py3-none-any.whl", hash = "sha256:d3ee85e0c6788f789353416b1612c6c92d75fe6ccfac0029711974d6abd0f86d"},
    {file = "polib-1.1.1.tar.gz", hash = "sha256:e02c355ae5e054912e3b0d16febc56510eff7e49d60bf22aecb463bd2f2a2dfa"},
]
pyinstaller = [
    {file = "pyinstaller-5.5-py3-none-macosx_10_13_universal2.whl", hash = "sha256:838e0a385355e55833f2ac62e75290f345d0b57bad53f08742c28a7cb96e91c8"},
    {file = "pyinstaller-5.5-py3-none-manylinux2014_aarch64.whl", hash = "sha256:2a2fc8755b00cc1ea4d89bb81f8ada8c2afe0d13a7f7b35020e8a694d6882c9e"},
    {file = "pyinstaller-5.5-py3-none-manylinux2014_i686.whl", hash = "sha256:94e947980c7d9b7e422f4af9885f12560cb546ee2017fb0f2c8af5a9a309c63f"},
    {file = "pyinstaller-5.5-py3-none-manylinux2014_ppc64le.whl", hash = "sha256:5f8834af70a6e080ab4fe53ec2b8b4fdfcc0106bd8db7cc27da9a8973ecffe05"},
    {file = "pyinstaller-5.5-py3-none-manylinux2014_s390x.whl", hash = "sha256:47a63d42ceb73355bf3afec51109ee3f5b3893f068be821a6735cada229ab680"},
    {file = "pyinstaller-5.5-py3-none-manylinux2014_x86_64.whl", hash = "sha256:91c0947063f49b21476e374662f62b00d0cf5a97ad6851c12124280409aebbd1"},
    {file = "pyinstaller-5.5-py3-none-musllinux_1_1_aarch64.whl", hash = "sha256:9e8950c599847d15e7d7b8c18073fab267d7d3d41650a64c46278b97655076d3"},
    {file = "pyinstaller-5.5-py3-none-musllinux_1_1_x86_64.whl", hash = "sha256:d902a9b669f90665a3abe5d0f176784fc3f2e1320d6c98df0bd1457c77ca706a"},
    {file = "pyinstaller-5.5-py3-none-win32.whl", hash = "sha256:c7326298be50adcdf799e9b3f880543b925be7341cb1ac2a1e5b1a47b9dc3183"},
    {file = "pyinstaller-5.5-py3-none-win_amd64.whl", hash = "sha256:d06378354b8d3d08309fddb230c813fc750848d71156274c15afdfedd56f57cf"},
    {file = "pyinstaller-5.5.tar.gz", hash = "sha256:88993dfc6429dce8dd1f9a73c08e259af71dd3a227d3002ccb8e959151757dc3"},
]
pyinstaller-hooks-contrib = [
    {file = "pyinstaller-hooks-contrib-2022.10.tar.gz", hash = "sha256:e5edd4094175e78c178ef987b61be19efff6caa23d266ade456fc753e847f62e"},
    {file = "pyinstaller_hooks_contrib-2022.10-py2.py3-none-any.whl", hash = "sha256:d1dd6ea059dc30e77813cc12a5efa8b1d228e7da8f5b884fe11775f946db1784"},
]
pywin32-ctypes = [
    {file = "pywin32-ctypes-0.2.0.tar.gz", hash = "sha256:24ffc3b341d457d48e8922352130cf2644024a4ff09762a2261fd34c36ee5942"},
    {file = "pywin32_ctypes-0.2.0-py2.py3-none-any.whl", hash = "sha256:9dc2d991b3479cc2df15930958b674a48a227d5361d413827a4cfd0b5876fc98"},
]
rapidfuzz = [
    {file = "rapidfuzz-2.11.1-cp310-cp310-macosx_10_9_universal2.whl", hash = "sha256:134a467692216e05a8806efe40e3bcae9aa81b9e051b209a4244b639a168c78e"},
    {file = "rapidfuzz-2.11.1-cp310-cp310-macosx_10_9_x86_64.whl", hash = "sha256:2bc3ec87df5eaad59e6e02e6517047fb268a48866f3531c4b8b59c2c78069fe5"},
    {file = "rapidfuzz-2.11.1-cp310-cp310-macosx_11_0_arm64.whl", hash = "sha256:65b8611c9f5385a2986e11e85137cdecf40610e5d5f250d96a9ed32b7e995c4a"},
    {file = "rapidfuzz-2.11.1-cp310-cp310-manylinux_2_17_aarch64.manylinux2014_aarch64.whl", hash = "sha256:c1477455b82d6db7336ef769f507a55bba9fe9f1c96dc531d7c2c510630307d6"},
    {file = "rapidfuzz-2.11.1-cp310-cp310-manylinux_2_17_i686.manylinux2014_i686.whl", hash = "sha256:dafe8c6e74fea0fdcfec002bc77aee40b4891b14ea513e6092402609ac8dac00"},
    {file = "rapidfuzz-2.11.1-cp310-cp310-manylinux_2_17_ppc64le.manylinux2014_ppc64le.whl", hash = "sha256:24569412e1aac1ac008548cdcd40da771e14467f4bacab9f9abfe5bbb5dfe8be"},
    {file = "rapidfuzz-2.11.1-cp310-cp310-manylinux_2_17_s390x.manylinux2014_s390x.whl", hash = "sha256:5e3164736ed071dc743994b9228ead52b63010aba24b1621de81b3ac39d490b9"},
    {file = "rapidfuzz-2.11.1-cp310-cp310-manylinux_2_17_x86_64.manylinux2014_x86_64.whl", hash = "sha256:8b480a78227457a0b65e0b23afbda9c152dee4e1b41ccc058db8c41ea7a82ab0"},
    {file = "rapidfuzz-2.11.1-cp310-cp310-musllinux_1_1_aarch64.whl", hash = "sha256:bd595bd23a4e1c72d5f5ac416ea49b9a3d87e11fb2db4b960378038ce9bb12f7"},
    {file = "rapidfuzz-2.11.1-cp310-cp310-musllinux_1_1_i686.whl", hash = "sha256:30773e23bebe27ddcf7644d6ebb143bf7c9adeb18019a963172174ef522c0831"},
    {file = "rapidfuzz-2.11.1-cp310-cp310-musllinux_1_1_ppc64le.whl", hash = "sha256:dc0f695b32700b14f404cccaebc25eea6db323418385568297995aee8b5278f8"},
    {file = "rapidfuzz-2.11.1-cp310-cp310-musllinux_1_1_s390x.whl", hash = "sha256:2d3652804ae17920eaa965b1e057ee0ea32d5bb02f50147c82a1d350a86fc3f1"},
    {file = "rapidfuzz-2.11.1-cp310-cp310-musllinux_1_1_x86_64.whl", hash = "sha256:9081542fea2baeebda8caa43a54ecd8a152a05ff3271c38ac8eae447377cef54"},
    {file = "rapidfuzz-2.11.1-cp310-cp310-win32.whl", hash = "sha256:ea5bc5bae1cf447b79be04f05e73b6ea39a5df63374f70cc5d6862337462d4d9"},
    {file = "rapidfuzz-2.11.1-cp310-cp310-win_amd64.whl", hash = "sha256:86c34175830cacac1c16d2182a0f725afbd40042955b7572c8475e3b6a5d8ada"},
    {file = "rapidfuzz-2.11.1-cp311-cp311-macosx_10_9_universal2.whl", hash = "sha256:588dd5f520683af53a9d9d0cabde0987788c0ea9adfda3b058a9c27f448b2b3f"},
    {file = "rapidfuzz-2.11.1-cp311-cp311-macosx_10_9_x86_64.whl", hash = "sha256:d1d8192820d8489a8e3ef160cbe38f5ff974db5263c76438cf44e7574743353b"},
    {file = "rapidfuzz-2.11.1-cp311-cp311-macosx_11_0_arm64.whl", hash = "sha256:ced719fcae6f2a348ac596b67f6d7c26ff3d9d2b7378237953ac5e162d8a4e2e"},
    {file = "rapidfuzz-2.11.1-cp311-cp311-manylinux_2_17_aarch64.manylinux2014_aarch64.whl", hash = "sha256:f71edc8503d08bc5d35187eb72f13b7ec78647f1c14bb90a758ae795b049f788"},
    {file = "rapidfuzz-2.11.1-cp311-cp311-manylinux_2_17_i686.manylinux2014_i686.whl", hash = "sha256:705ccd8de2b7b5295c6a230a3919fc9db8da9d2a6347c15c871fcb2202abd237"},
    {file = "rapidfuzz-2.11.1-cp311-cp311-manylinux_2_17_ppc64le.manylinux2014_ppc64le.whl", hash = "sha256:d24181dfdfcc3d9b37333fea2f5bf9f51e034bd9e0ba67a871f18686b797c739"},
    {file = "rapidfuzz-2.11.1-cp311-cp311-manylinux_2_17_s390x.manylinux2014_s390x.whl", hash = "sha256:ecfe2fe942edabcd1553701237710de296d3eb45472f9128662c95da98e9ed43"},
    {file = "rapidfuzz-2.11.1-cp311-cp311-manylinux_2_17_x86_64.manylinux2014_x86_64.whl", hash = "sha256:40e8d37d67a6e4713ddb6053eb3007a3ca15eddd23f2e4a5039c39e666c10b3a"},
    {file = "rapidfuzz-2.11.1-cp311-cp311-musllinux_1_1_aarch64.whl", hash = "sha256:804c7c67dc316f77b01b9bef5e75f727b73ff1015ff0514972b59dc05eec4d81"},
    {file = "rapidfuzz-2.11.1-cp311-cp311-musllinux_1_1_i686.whl", hash = "sha256:8d6fa1d009fcb9a9169548c29d65a1f05c0fcf1ac966f40e35035307d6a17050"},
    {file = "rapidfuzz-2.11.1-cp311-cp311-musllinux_1_1_ppc64le.whl", hash = "sha256:bd7a1992e91c90197c34ccc674bd64262262627083c99896b79e2c9f5fe28075"},
    {file = "rapidfuzz-2.11.1-cp311-cp311-musllinux_1_1_s390x.whl", hash = "sha256:c288e239fc3aaae3865e43e1f35b606f92ee687a0801e4d46c45d7849aebbe35"},
    {file = "rapidfuzz-2.11.1-cp311-cp311-musllinux_1_1_x86_64.whl", hash = "sha256:eec5ad2f06701e57a2cb483c849704bdf8ea76195918550ab2fc4287970f1c76"},
    {file = "rapidfuzz-2.11.1-cp311-cp311-win32.whl", hash = "sha256:d51b9183ebce60d4795ceaef24b8db2df3ed04307ee787d6adafcc196330a47c"},
    {file = "rapidfuzz-2.11.1-cp311-cp311-win_amd64.whl", hash = "sha256:553e8e3dce321ed33e8b437586e7765d78e6d8fbb236b02768b46e1b2b91b41e"},
    {file = "rapidfuzz-2.11.1-cp36-cp36m-macosx_10_9_x86_64.whl", hash = "sha256:3b6573607568438dfc3d4341b0b00d326ac2cf86281df97e7f8c0348e2f89b5e"},
    {file = "rapidfuzz-2.11.1-cp36-cp36m-manylinux_2_17_aarch64.manylinux2014_aarch64.whl", hash = "sha256:769cf4099f53507231ba04cbf9ee16bea3c193767efc9bdf5e6c59e67e6b5cea"},
    {file = "rapidfuzz-2.11.1-cp36-cp36m-manylinux_2_17_i686.manylinux2014_i686.whl", hash = "sha256:f6e6395404b0239cff7873a18a94839343a44429624f2a70a27b914cc5059580"},
    {file = "rapidfuzz-2.11.1-cp36-cp36m-manylinux_2_17_ppc64le.manylinux2014_ppc64le.whl", hash = "sha256:b5cd1ea9fa396243d34f7bac5bb5787f89310f13fd2b092d11940c6cd7bd0bd8"},
    {file = "rapidfuzz-2.11.1-cp36-cp36m-manylinux_2_17_s390x.manylinux2014_s390x.whl", hash = "sha256:8bc00bd6b6407dc7a8eb31964bcc38862c25e7f5f5982f912f265eb3c4d83140"},
    {file = "rapidfuzz-2.11.1-cp36-cp36m-manylinux_2_17_x86_64.manylinux2014_x86_64.whl", hash = "sha256:f2f91b867d7eca3b99c25e06e7e3a6f84cd4ccb99f390721670ba956f79167c9"},
    {file = "rapidfuzz-2.11.1-cp36-cp36m-musllinux_1_1_aarch64.whl", hash = "sha256:7dd6a439fb09dc9ba463de3f5c8e20f097225816b33a66380b68c8561a08045c"},
    {file = "rapidfuzz-2.11.1-cp36-cp36m-musllinux_1_1_i686.whl", hash = "sha256:3f1c030e2d61d77cb14814640618e29cf13e4554340a3baa9191d162a4dfcd9e"},
    {file = "rapidfuzz-2.11.1-cp36-cp36m-musllinux_1_1_ppc64le.whl", hash = "sha256:9924497dec6a30b5158ef7cc9c60a87c6c46d9f7b7bb7254d4f157b57b531fb8"},
    {file = "rapidfuzz-2.11.1-cp36-cp36m-musllinux_1_1_s390x.whl", hash = "sha256:56aa67bf938e8dcc5e940f183538f09041441f1c4c5a86abe748416950db9d27"},
    {file = "rapidfuzz-2.11.1-cp36-cp36m-musllinux_1_1_x86_64.whl", hash = "sha256:13ce1019ddce7419502fac43b62ac166d3d6d290b727050e3de5bda79a6beb59"},
    {file = "rapidfuzz-2.11.1-cp36-cp36m-win32.whl", hash = "sha256:254d5a800de54c416fa9b220e442a4861b272c1223139ae3dee0aea1c9f27c9c"},
    {file = "rapidfuzz-2.11.1-cp36-cp36m-win_amd64.whl", hash = "sha256:16a2edf3ea888c9d3582761a2bbaa734e03f6db25d96e73edd4dcef6883897ee"},
    {file = "rapidfuzz-2.11.1-cp37-cp37m-macosx_10_9_x86_64.whl", hash = "sha256:faba219b270b78e9494cfe3d955d7b45c10799c18ee47ec24b1ada93978d491b"},
    {file = "rapidfuzz-2.11.1-cp37-cp37m-manylinux_2_17_aarch64.manylinux2014_aarch64.whl", hash = "sha256:6b12420d5b769cd7e1478a8085aeea1ad0ffc8f7fedc86c48b8d598e1602f5ad"},
    {file = "rapidfuzz-2.11.1-cp37-cp37m-manylinux_2_17_i686.manylinux2014_i686.whl", hash = "sha256:e2fe220d4b100b00734d9388e33296ac8f585c763548c372ca17b24affa178e0"},
    {file = "rapidfuzz-2.11.1-cp37-cp37m-manylinux_2_17_ppc64le.manylinux2014_ppc64le.whl", hash = "sha256:c10724490b87fcb86161e5ceb17893626d13363e31efee77aa8e251ee16dcdd5"},
    {file = "rapidfuzz-2.11.1-cp37-cp37m-manylinux_2_17_s390x.manylinux2014_s390x.whl", hash = "sha256:47e163d6a6676be9a3a7e93d5a2c3c65a43c1530b680903ebdba951e07ee7999"},
    {file = "rapidfuzz-2.11.1-cp37-cp37m-manylinux_2_17_x86_64.manylinux2014_x86_64.whl", hash = "sha256:b4f577ded3e40695d5e0796e8b7f4fa78577d873627e0d0692f7060ad73af314"},
    {file = "rapidfuzz-2.11.1-cp37-cp37m-musllinux_1_1_aarch64.whl", hash = "sha256:cc3103e31d27352afe4c5a71702e09185850187d299145d5e98f9fb99a3be498"},
    {file = "rapidfuzz-2.11.1-cp37-cp37m-musllinux_1_1_i686.whl", hash = "sha256:2183fc91971c0853f6170225577d24d81b865d416104b433de53e55a6d2a476a"},
    {file = "rapidfuzz-2.11.1-cp37-cp37m-musllinux_1_1_ppc64le.whl", hash = "sha256:86038b9777b2aa0ebf8c586b81cba166ccde7e6d744aad576cd98c1a07be4c53"},
    {file = "rapidfuzz-2.11.1-cp37-cp37m-musllinux_1_1_s390x.whl", hash = "sha256:f5ed8d4e1545f08bd3745cc47742b3689f1a652b00590caeb32caf3297d01e06"},
    {file = "rapidfuzz-2.11.1-cp37-cp37m-musllinux_1_1_x86_64.whl", hash = "sha256:bfabc6130752f4f77584b2ecbba2adf6fe469b06c52cb974ba8304f1f63bb24f"},
    {file = "rapidfuzz-2.11.1-cp37-cp37m-win32.whl", hash = "sha256:dad6697c6b9e02dd45f73e22646913daad743afd27dadb0b6a430a1573fb4566"},
    {file = "rapidfuzz-2.11.1-cp37-cp37m-win_amd64.whl", hash = "sha256:adc7c6cb3dde5c284d84c7c6f4602b1545ba89c6ebb857b337d0428befb344e5"},
    {file = "rapidfuzz-2.11.1-cp38-cp38-macosx_10_9_universal2.whl", hash = "sha256:52639268dffc8900892a5e57964228fb187512b0f249de9a45ba37c6f2bc52a5"},
    {file = "rapidfuzz-2.11.1-cp38-cp38-macosx_10_9_x86_64.whl", hash = "sha256:a48ff6b6258a32f50f876a6c74fa2f506c1de3b11773d6bf31b6715255807a48"},
    {file = "rapidfuzz-2.11.1-cp38-cp38-macosx_11_0_arm64.whl", hash = "sha256:5080ad715e39b8a2d82339cf4170785e9092c7625ec2095ff3590fdb0a532a41"},
    {file = "rapidfuzz-2.11.1-cp38-cp38-manylinux_2_17_aarch64.manylinux2014_aarch64.whl", hash = "sha256:8b402e99593483a8b05a09fb2a20379ecaa9b0d1f1cf32957b42134bd3305731"},
    {file = "rapidfuzz-2.11.1-cp38-cp38-manylinux_2_17_i686.manylinux2014_i686.whl", hash = "sha256:0f09ff49b28e557615a9ad4d5eedbfd5b886fccb3ec35d85dd34c51348c4bf98"},
    {file = "rapidfuzz-2.11.1-cp38-cp38-manylinux_2_17_ppc64le.manylinux2014_ppc64le.whl", hash = "sha256:bd8f36d8bd399c7d695182e467b4428adb940a157014ab605bbe4d0ab0a1976e"},
    {file = "rapidfuzz-2.11.1-cp38-cp38-manylinux_2_17_s390x.manylinux2014_s390x.whl", hash = "sha256:e459287f0daaee3ee0108123d7e9a1c1c136e94d4382533a93cb509d54dc1ea3"},
    {file = "rapidfuzz-2.11.1-cp38-cp38-manylinux_2_17_x86_64.manylinux2014_x86_64.whl", hash = "sha256:41c9e2acfa25c7667b70913d63887f76e981badc1e95a2878257d28b96f5a10c"},
    {file = "rapidfuzz-2.11.1-cp38-cp38-musllinux_1_1_aarch64.whl", hash = "sha256:931a939ba5e5574f769507038fdf400dbbc46aab2866d4e5e96d83a29f081712"},
    {file = "rapidfuzz-2.11.1-cp38-cp38-musllinux_1_1_i686.whl", hash = "sha256:5e89f50f5f3be2b851e9714015e1a26c6546e6b42f3df69b86200af8eacf9d8c"},
    {file = "rapidfuzz-2.11.1-cp38-cp38-musllinux_1_1_ppc64le.whl", hash = "sha256:64133c9f45cb88b508d52427339b796c76e1790300c7ea4d2ed210f224e0698d"},
    {file = "rapidfuzz-2.11.1-cp38-cp38-musllinux_1_1_s390x.whl", hash = "sha256:3d50a2ca8cd1cea13afd2ff8e052ba49860c64cc3e617398670fd6a8d11e450f"},
    {file = "rapidfuzz-2.11.1-cp38-cp38-musllinux_1_1_x86_64.whl", hash = "sha256:bafd18a27dbe3197e460809468a7c47d9d29d1ebab6a878d5bb5a71fda2056d6"},
    {file = "rapidfuzz-2.11.1-cp38-cp38-win32.whl", hash = "sha256:c822853e9d54979eb5fcf9e54c1f90e5c18eeb399571383ac768cff47d6d6ada"},
    {file = "rapidfuzz-2.11.1-cp38-cp38-win_amd64.whl", hash = "sha256:a7f5a77466c4701062469bce29358ca0797db2bc6d8f6c3cd4e13f418cca10bc"},
    {file = "rapidfuzz-2.11.1-cp39-cp39-macosx_10_9_universal2.whl", hash = "sha256:bf5277ff74c9980245697ea227057d0f05b31c96bc73bae2697c1a48d4980e45"},
    {file = "rapidfuzz-2.11.1-cp39-cp39-macosx_10_9_x86_64.whl", hash = "sha256:6803ef01f4056d61120e37acba8953e6b3149363e85caaba40ee8d49753fe7bd"},
    {file = "rapidfuzz-2.11.1-cp39-cp39-macosx_11_0_arm64.whl", hash = "sha256:475aacad5d5c4f9ad920b4232cc196d79a1777fe1eada9122103c30154d18af4"},
    {file = "rapidfuzz-2.11.1-cp39-cp39-manylinux_2_17_aarch64.manylinux2014_aarch64.whl", hash = "sha256:a98c63d1f5ec2c15adf5dc81c461c8d88c16395956f4518b78e2e04b3285b1e5"},
    {file = "rapidfuzz-2.11.1-cp39-cp39-manylinux_2_17_i686.manylinux2014_i686.whl", hash = "sha256:8a11b70ebb2d7317d69bdb1f692a0eda292a4cddfe9ccb760a8d1a9e763811dd"},
    {file = "rapidfuzz-2.11.1-cp39-cp39-manylinux_2_17_ppc64le.manylinux2014_ppc64le.whl", hash = "sha256:984d40ecda0bc0109c4239d782dfe87362d02b286548672f8a2468eabbf48a69"},
    {file = "rapidfuzz-2.11.1-cp39-cp39-manylinux_2_17_s390x.manylinux2014_s390x.whl", hash = "sha256:7c457f779992a0f5527455cdc17c387268ae9f712d4e29d691704c83c6e58c2d"},
    {file = "rapidfuzz-2.11.1-cp39-cp39-manylinux_2_17_x86_64.manylinux2014_x86_64.whl", hash = "sha256:578934d7524f8378175295e6411b737d35d393d91d4661c739daa8ea2b185836"},
    {file = "rapidfuzz-2.11.1-cp39-cp39-musllinux_1_1_aarch64.whl", hash = "sha256:f9226824c132d38f2337d2c76e3009acc036f0b05f20e95e82f8195400e1e366"},
    {file = "rapidfuzz-2.11.1-cp39-cp39-musllinux_1_1_i686.whl", hash = "sha256:0e64ab58b19866ad3df53e651a429871d744f8794cca25c553396b25d679a1ac"},
    {file = "rapidfuzz-2.11.1-cp39-cp39-musllinux_1_1_ppc64le.whl", hash = "sha256:c77cec595dc80f97a1b32413fb1b618e4da8ba132697e075ad8e4025c4058575"},
    {file = "rapidfuzz-2.11.1-cp39-cp39-musllinux_1_1_s390x.whl", hash = "sha256:5aff0ac1723f7c8d751869a51e6b12d703fd6e6153228d68d8773f19bd5bd968"},
    {file = "rapidfuzz-2.11.1-cp39-cp39-musllinux_1_1_x86_64.whl", hash = "sha256:17ba5fb474515356608cdb8d750f95c12f3e4dc9a0e2c9d7caca3d4cee55048e"},
    {file = "rapidfuzz-2.11.1-cp39-cp39-win32.whl", hash = "sha256:cad5088f1adb9161f2def653908328cfa1dc9bc57e7e41ccdc9339d31cc576d1"},
    {file = "rapidfuzz-2.11.1-cp39-cp39-win_amd64.whl", hash = "sha256:ea4f0d056a95cfdabde667a1796f9ba5296d2776bce2fd4d4cb5674e0e10671f"},
    {file = "rapidfuzz-2.11.1-pp37-pypy37_pp73-macosx_10_9_x86_64.whl", hash = "sha256:036f904bcac16d726273eee7ec0636978af31d151f30c95b611240e22592ab79"},
    {file = "rapidfuzz-2.11.1-pp37-pypy37_pp73-manylinux_2_17_aarch64.manylinux2014_aarch64.whl", hash = "sha256:b5c7b0a4929bfd3945d9c2022cff0b683a39accf5594897fa9004cee4f402b06"},
    {file = "rapidfuzz-2.11.1-pp37-pypy37_pp73-manylinux_2_17_i686.manylinux2014_i686.whl", hash = "sha256:f72d33b0d76a658d8b692b3e42c45539939bac26ff5b71b516cb20fa6d8ff7f6"},
    {file = "rapidfuzz-2.11.1-pp37-pypy37_pp73-manylinux_2_17_x86_64.manylinux2014_x86_64.whl", hash = "sha256:d181889218d80f6beb5ae3838bc23e201d2a1fae688baaa40d82ef9080594315"},
    {file = "rapidfuzz-2.11.1-pp37-pypy37_pp73-win_amd64.whl", hash = "sha256:7750b950a6987bce114b9f36413399712422f4f49b2ad43f4b4ee3af34968b99"},
    {file = "rapidfuzz-2.11.1-pp38-pypy38_pp73-macosx_10_9_x86_64.whl", hash = "sha256:12e14b0c43e3bc0c679ef09bfcbcaf9397534e03b8854c417086779a79e08bb2"},
    {file = "rapidfuzz-2.11.1-pp38-pypy38_pp73-manylinux_2_17_aarch64.manylinux2014_aarch64.whl", hash = "sha256:09de4fd3dbcc73f61b85af006372f48fee7d4324de227702b9da0d2572445d26"},
    {file = "rapidfuzz-2.11.1-pp38-pypy38_pp73-manylinux_2_17_i686.manylinux2014_i686.whl", hash = "sha256:54264d70af59224d6874fcc5828da50d99668055574fe254849cab96f3b80e43"},
    {file = "rapidfuzz-2.11.1-pp38-pypy38_pp73-manylinux_2_17_x86_64.manylinux2014_x86_64.whl", hash = "sha256:7478341137e65a0227fda4f3e39b3d50e6ec7dd4f767077dd435b412c2f2c129"},
    {file = "rapidfuzz-2.11.1-pp38-pypy38_pp73-win_amd64.whl", hash = "sha256:68d46ad148c9cb8be532b5dd7bc246b067e81d4cfabad19b4cb6ac4031cab124"},
    {file = "rapidfuzz-2.11.1-pp39-pypy39_pp73-macosx_10_9_x86_64.whl", hash = "sha256:ea4107a5cc00a05c92be47047662000296d2ccc7ba93aaa030cd5ecab8d5ffaf"},
    {file = "rapidfuzz-2.11.1-pp39-pypy39_pp73-manylinux_2_17_aarch64.manylinux2014_aarch64.whl", hash = "sha256:0c8a5e65cab629ca5bb4b1d2b410f8444384b60364ab528508200acfdf9e659d"},
    {file = "rapidfuzz-2.11.1-pp39-pypy39_pp73-manylinux_2_17_i686.manylinux2014_i686.whl", hash = "sha256:c305ea5405f8615e6ecd39cb28acc7a362713ba3c17c7737b591b377d1afd9ec"},
    {file = "rapidfuzz-2.11.1-pp39-pypy39_pp73-manylinux_2_17_x86_64.manylinux2014_x86_64.whl", hash = "sha256:0429a7a51d1372afaca969ee3170f9975f2fe6e187b485aeef55d3e8d7d934e0"},
    {file = "rapidfuzz-2.11.1-pp39-pypy39_pp73-win_amd64.whl", hash = "sha256:42d18db6f7e1e6ef85a8e673b2fa3352727cc56e60e48e7c9268fe0286ab9f91"},
    {file = "rapidfuzz-2.11.1.tar.gz", hash = "sha256:61152fa1e3df04b4e748f09338f36ca32f7953829f4e630d26f7f564f4cb527b"},
]
requests = [
    {file = "requests-2.28.1-py3-none-any.whl", hash = "sha256:8fefa2a1a1365bf5520aac41836fbee479da67864514bdb821f31ce07ce65349"},
    {file = "requests-2.28.1.tar.gz", hash = "sha256:7c5599b102feddaa661c826c56ab4fee28bfd17f5abca1ebbe3e7f19d7c97983"},
]
setuptools = [
    {file = "setuptools-65.3.0-py3-none-any.whl", hash = "sha256:2e24e0bec025f035a2e72cdd1961119f557d78ad331bb00ff82efb2ab8da8e82"},
    {file = "setuptools-65.3.0.tar.gz", hash = "sha256:7732871f4f7fa58fb6bdcaeadb0161b2bd046c85905dbaa066bdcbcc81953b57"},
]
snakeviz = [
    {file = "snakeviz-2.1.1-py2.py3-none-any.whl", hash = "sha256:931142dc927101c9a4b6e89bc0577ff1a3d1886b483a04e6af70c31d2c3dce19"},
    {file = "snakeviz-2.1.1.tar.gz", hash = "sha256:0d96c006304f095cb4b3fb7ed98bb866ca35a7ca4ab9020bbc27d295ee4c94d9"},
]
tornado = [
    {file = "tornado-6.2-cp37-abi3-macosx_10_9_universal2.whl", hash = "sha256:20f638fd8cc85f3cbae3c732326e96addff0a15e22d80f049e00121651e82e72"},
    {file = "tornado-6.2-cp37-abi3-macosx_10_9_x86_64.whl", hash = "sha256:87dcafae3e884462f90c90ecc200defe5e580a7fbbb4365eda7c7c1eb809ebc9"},
    {file = "tornado-6.2-cp37-abi3-manylinux_2_17_aarch64.manylinux2014_aarch64.whl", hash = "sha256:ba09ef14ca9893954244fd872798b4ccb2367c165946ce2dd7376aebdde8e3ac"},
    {file = "tornado-6.2-cp37-abi3-manylinux_2_5_i686.manylinux1_i686.manylinux_2_17_i686.manylinux2014_i686.whl", hash = "sha256:b8150f721c101abdef99073bf66d3903e292d851bee51910839831caba341a75"},
    {file = "tornado-6.2-cp37-abi3-manylinux_2_5_x86_64.manylinux1_x86_64.manylinux_2_17_x86_64.manylinux2014_x86_64.whl", hash = "sha256:d3a2f5999215a3a06a4fc218026cd84c61b8b2b40ac5296a6db1f1451ef04c1e"},
    {file = "tornado-6.2-cp37-abi3-musllinux_1_1_aarch64.whl", hash = "sha256:5f8c52d219d4995388119af7ccaa0bcec289535747620116a58d830e7c25d8a8"},
    {file = "tornado-6.2-cp37-abi3-musllinux_1_1_i686.whl", hash = "sha256:6fdfabffd8dfcb6cf887428849d30cf19a3ea34c2c248461e1f7d718ad30b66b"},
    {file = "tornado-6.2-cp37-abi3-musllinux_1_1_x86_64.whl", hash = "sha256:1d54d13ab8414ed44de07efecb97d4ef7c39f7438cf5e976ccd356bebb1b5fca"},
    {file = "tornado-6.2-cp37-abi3-win32.whl", hash = "sha256:5c87076709343557ef8032934ce5f637dbb552efa7b21d08e89ae7619ed0eb23"},
    {file = "tornado-6.2-cp37-abi3-win_amd64.whl", hash = "sha256:e5f923aa6a47e133d1cf87d60700889d7eae68988704e20c75fb2d65677a8e4b"},
    {file = "tornado-6.2.tar.gz", hash = "sha256:9b630419bde84ec666bfd7ea0a4cb2a8a651c2d5cccdbdd1972a0c859dfc3c13"},
]
urllib3 = [
    {file = "urllib3-1.26.12-py2.py3-none-any.whl", hash = "sha256:b930dd878d5a8afb066a637fbb35144fe7901e3b209d1cd4f524bd0e9deee997"},
    {file = "urllib3-1.26.12.tar.gz", hash = "sha256:3fa96cf423e6987997fc326ae8df396db2a8b7c667747d47ddd8ecba91f4a74e"},
]
win32-setctime = [
    {file = "win32_setctime-1.1.0-py3-none-any.whl", hash = "sha256:231db239e959c2fe7eb1d7dc129f11172354f98361c4fa2d6d2d7e278baa8aad"},
    {file = "win32_setctime-1.1.0.tar.gz", hash = "sha256:15cf5750465118d6929ae4de4eb46e8edae9a5634350c01ba582df868e932cb2"},
]
